
Microsoft Visual Studio Solution File, Format Version 12.00
# Visual Studio 15
VisualStudioVersion = 15.0.27130.2036
MinimumVisualStudioVersion = 10.0.40219.1
Project("{D954291E-2A0B-460D-934E-DC6B0785DB48}") = "FeaturesUWP", "FeaturesUWP\FeaturesUWP.shproj", "{3A21F712-6D9B-40EE-BA96-D91E040C4045}"
EndProject
Project("{9A19103F-16F7-4668-BE54-9A1E7A4F7556}") = "SharedCode", "SharedCode\SharedCode.csproj", "{63A5E683-5A51-4C45-A9DE-CA0C26C6EC5A}"
EndProject
Project("{FAE04EC0-301F-11D3-BF4B-00C04F79EFBC}") = "TAPPLICATION_UWP", "..\TLIB\TAPPLICATION_UWP\TAPPLICATION_UWP.csproj", "{97D66A85-F340-4678-AE0C-E7E996E748EE}"
EndProject
Project("{D954291E-2A0B-460D-934E-DC6B0785DB48}") = "TAPPLICATION_Xamarin", "..\TLIB\TAPPLICATION_Xamarin\TAPPLICATION_Xamarin.csproj", "{22EF0A21-71AF-44ED-82A1-1565E43EADAB}"
EndProject
Project("{9A19103F-16F7-4668-BE54-9A1E7A4F7556}") = "SharedCodeTest", "SharedCodeTest\SharedCodeTest.csproj", "{CCFE803C-EB13-4792-BCB4-4DC6E5723811}"
EndProject
Project("{FAE04EC0-301F-11D3-BF4B-00C04F79EFBC}") = "ShadowRunHelperViewer.Android", "ShadowRunHelperViewer\ShadowRunHelperViewer.Android\ShadowRunHelperViewer.Android.csproj", "{829DDA0F-3EE7-477C-B9CD-3352F3217830}"
EndProject
Project("{FAE04EC0-301F-11D3-BF4B-00C04F79EFBC}") = "ShadowRunHelperViewer.iOS", "ShadowRunHelperViewer\ShadowRunHelperViewer.iOS\ShadowRunHelperViewer.iOS.csproj", "{C07F9F47-1194-496A-998A-6D6EBA5D78A1}"
EndProject
Project("{FAE04EC0-301F-11D3-BF4B-00C04F79EFBC}") = "ShadowRunHelperViewer.UWP", "ShadowRunHelperViewer\ShadowRunHelperViewer.UWP\ShadowRunHelperViewer.UWP.csproj", "{98CB95FA-B6B0-45F0-A41D-6177BA0005D0}"
EndProject
Project("{9A19103F-16F7-4668-BE54-9A1E7A4F7556}") = "ShadowRunHelperViewer", "ShadowRunHelperViewer\ShadowRunHelperViewer\ShadowRunHelperViewer.csproj", "{8B57F2D5-375E-4217-8393-52C955CF6195}"
EndProject
Project("{D954291E-2A0B-460D-934E-DC6B0785DB48}") = "FeaturesDroid", "FeaturesDroid\FeaturesDroid.shproj", "{C4F891D9-6715-40CB-B466-FA5B3BB0FB0B}"
EndProject
Project("{FAE04EC0-301F-11D3-BF4B-00C04F79EFBC}") = "ShadowRunHelper.Win", "ShadowRunHelper.Win\ShadowRunHelper.Win.csproj", "{20705C89-F90E-4B10-827C-BA8A0B24E14F}"
EndProject
Global
	GlobalSection(SharedMSBuildProjectFiles) = preSolution
		FeaturesUWP\FeaturesUWP.projitems*{20705c89-f90e-4b10-827c-ba8a0b24e14f}*SharedItemsImports = 4
		..\TLIB\TAPPLICATION_Xamarin\TAPPLICATION_Xamarin.projitems*{22ef0a21-71af-44ed-82a1-1565e43eadab}*SharedItemsImports = 13
		FeaturesUWP\FeaturesUWP.projitems*{3a21f712-6d9b-40ee-ba96-d91e040c4045}*SharedItemsImports = 13
		FeaturesDroid\FeaturesDroid.projitems*{829dda0f-3ee7-477c-b9cd-3352f3217830}*SharedItemsImports = 4
		FeaturesUWP\FeaturesUWP.projitems*{98cb95fa-b6b0-45f0-a41d-6177ba0005d0}*SharedItemsImports = 4
		FeaturesDroid\FeaturesDroid.projitems*{c4f891d9-6715-40cb-b466-fa5b3bb0fb0b}*SharedItemsImports = 13
	EndGlobalSection
	GlobalSection(SolutionConfigurationPlatforms) = preSolution
		Ad-Hoc|Any CPU = Ad-Hoc|Any CPU
		Ad-Hoc|ARM = Ad-Hoc|ARM
		Ad-Hoc|ARM64 = Ad-Hoc|ARM64
		Ad-Hoc|iPhone = Ad-Hoc|iPhone
		Ad-Hoc|iPhoneSimulator = Ad-Hoc|iPhoneSimulator
		Ad-Hoc|x64 = Ad-Hoc|x64
		Ad-Hoc|x86 = Ad-Hoc|x86
		AppStore|Any CPU = AppStore|Any CPU
		AppStore|ARM = AppStore|ARM
		AppStore|ARM64 = AppStore|ARM64
		AppStore|iPhone = AppStore|iPhone
		AppStore|iPhoneSimulator = AppStore|iPhoneSimulator
		AppStore|x64 = AppStore|x64
		AppStore|x86 = AppStore|x86
		Debug|Any CPU = Debug|Any CPU
		Debug|ARM = Debug|ARM
		Debug|ARM64 = Debug|ARM64
		Debug|iPhone = Debug|iPhone
		Debug|iPhoneSimulator = Debug|iPhoneSimulator
		Debug|x64 = Debug|x64
		Debug|x86 = Debug|x86
		Release|Any CPU = Release|Any CPU
		Release|ARM = Release|ARM
		Release|ARM64 = Release|ARM64
		Release|iPhone = Release|iPhone
		Release|iPhoneSimulator = Release|iPhoneSimulator
		Release|x64 = Release|x64
		Release|x86 = Release|x86
	EndGlobalSection
	GlobalSection(ProjectConfigurationPlatforms) = postSolution
		{63A5E683-5A51-4C45-A9DE-CA0C26C6EC5A}.Ad-Hoc|Any CPU.ActiveCfg = Debug|Any CPU
		{63A5E683-5A51-4C45-A9DE-CA0C26C6EC5A}.Ad-Hoc|Any CPU.Build.0 = Debug|Any CPU
		{63A5E683-5A51-4C45-A9DE-CA0C26C6EC5A}.Ad-Hoc|ARM.ActiveCfg = Debug|Any CPU
		{63A5E683-5A51-4C45-A9DE-CA0C26C6EC5A}.Ad-Hoc|ARM.Build.0 = Debug|Any CPU
		{63A5E683-5A51-4C45-A9DE-CA0C26C6EC5A}.Ad-Hoc|ARM64.ActiveCfg = Release|Any CPU
		{63A5E683-5A51-4C45-A9DE-CA0C26C6EC5A}.Ad-Hoc|ARM64.Build.0 = Release|Any CPU
		{63A5E683-5A51-4C45-A9DE-CA0C26C6EC5A}.Ad-Hoc|iPhone.ActiveCfg = Debug|Any CPU
		{63A5E683-5A51-4C45-A9DE-CA0C26C6EC5A}.Ad-Hoc|iPhone.Build.0 = Debug|Any CPU
		{63A5E683-5A51-4C45-A9DE-CA0C26C6EC5A}.Ad-Hoc|iPhoneSimulator.ActiveCfg = Debug|Any CPU
		{63A5E683-5A51-4C45-A9DE-CA0C26C6EC5A}.Ad-Hoc|iPhoneSimulator.Build.0 = Debug|Any CPU
		{63A5E683-5A51-4C45-A9DE-CA0C26C6EC5A}.Ad-Hoc|x64.ActiveCfg = Debug|Any CPU
		{63A5E683-5A51-4C45-A9DE-CA0C26C6EC5A}.Ad-Hoc|x64.Build.0 = Debug|Any CPU
		{63A5E683-5A51-4C45-A9DE-CA0C26C6EC5A}.Ad-Hoc|x86.ActiveCfg = Debug|Any CPU
		{63A5E683-5A51-4C45-A9DE-CA0C26C6EC5A}.Ad-Hoc|x86.Build.0 = Debug|Any CPU
		{63A5E683-5A51-4C45-A9DE-CA0C26C6EC5A}.AppStore|Any CPU.ActiveCfg = Debug|Any CPU
		{63A5E683-5A51-4C45-A9DE-CA0C26C6EC5A}.AppStore|Any CPU.Build.0 = Debug|Any CPU
		{63A5E683-5A51-4C45-A9DE-CA0C26C6EC5A}.AppStore|ARM.ActiveCfg = Debug|Any CPU
		{63A5E683-5A51-4C45-A9DE-CA0C26C6EC5A}.AppStore|ARM.Build.0 = Debug|Any CPU
		{63A5E683-5A51-4C45-A9DE-CA0C26C6EC5A}.AppStore|ARM64.ActiveCfg = Release|Any CPU
		{63A5E683-5A51-4C45-A9DE-CA0C26C6EC5A}.AppStore|ARM64.Build.0 = Release|Any CPU
		{63A5E683-5A51-4C45-A9DE-CA0C26C6EC5A}.AppStore|iPhone.ActiveCfg = Debug|Any CPU
		{63A5E683-5A51-4C45-A9DE-CA0C26C6EC5A}.AppStore|iPhone.Build.0 = Debug|Any CPU
		{63A5E683-5A51-4C45-A9DE-CA0C26C6EC5A}.AppStore|iPhoneSimulator.ActiveCfg = Debug|Any CPU
		{63A5E683-5A51-4C45-A9DE-CA0C26C6EC5A}.AppStore|iPhoneSimulator.Build.0 = Debug|Any CPU
		{63A5E683-5A51-4C45-A9DE-CA0C26C6EC5A}.AppStore|x64.ActiveCfg = Debug|Any CPU
		{63A5E683-5A51-4C45-A9DE-CA0C26C6EC5A}.AppStore|x64.Build.0 = Debug|Any CPU
		{63A5E683-5A51-4C45-A9DE-CA0C26C6EC5A}.AppStore|x86.ActiveCfg = Debug|Any CPU
		{63A5E683-5A51-4C45-A9DE-CA0C26C6EC5A}.AppStore|x86.Build.0 = Debug|Any CPU
		{63A5E683-5A51-4C45-A9DE-CA0C26C6EC5A}.Debug|Any CPU.ActiveCfg = Debug|Any CPU
		{63A5E683-5A51-4C45-A9DE-CA0C26C6EC5A}.Debug|Any CPU.Build.0 = Debug|Any CPU
		{63A5E683-5A51-4C45-A9DE-CA0C26C6EC5A}.Debug|ARM.ActiveCfg = Debug|Any CPU
		{63A5E683-5A51-4C45-A9DE-CA0C26C6EC5A}.Debug|ARM.Build.0 = Debug|Any CPU
		{63A5E683-5A51-4C45-A9DE-CA0C26C6EC5A}.Debug|ARM64.ActiveCfg = Debug|Any CPU
		{63A5E683-5A51-4C45-A9DE-CA0C26C6EC5A}.Debug|ARM64.Build.0 = Debug|Any CPU
		{63A5E683-5A51-4C45-A9DE-CA0C26C6EC5A}.Debug|iPhone.ActiveCfg = Debug|Any CPU
		{63A5E683-5A51-4C45-A9DE-CA0C26C6EC5A}.Debug|iPhone.Build.0 = Debug|Any CPU
		{63A5E683-5A51-4C45-A9DE-CA0C26C6EC5A}.Debug|iPhoneSimulator.ActiveCfg = Debug|Any CPU
		{63A5E683-5A51-4C45-A9DE-CA0C26C6EC5A}.Debug|iPhoneSimulator.Build.0 = Debug|Any CPU
		{63A5E683-5A51-4C45-A9DE-CA0C26C6EC5A}.Debug|x64.ActiveCfg = Debug|Any CPU
		{63A5E683-5A51-4C45-A9DE-CA0C26C6EC5A}.Debug|x64.Build.0 = Debug|Any CPU
		{63A5E683-5A51-4C45-A9DE-CA0C26C6EC5A}.Debug|x86.ActiveCfg = Debug|Any CPU
		{63A5E683-5A51-4C45-A9DE-CA0C26C6EC5A}.Debug|x86.Build.0 = Debug|Any CPU
		{63A5E683-5A51-4C45-A9DE-CA0C26C6EC5A}.Release|Any CPU.ActiveCfg = Release|Any CPU
		{63A5E683-5A51-4C45-A9DE-CA0C26C6EC5A}.Release|Any CPU.Build.0 = Release|Any CPU
		{63A5E683-5A51-4C45-A9DE-CA0C26C6EC5A}.Release|ARM.ActiveCfg = Release|Any CPU
		{63A5E683-5A51-4C45-A9DE-CA0C26C6EC5A}.Release|ARM.Build.0 = Release|Any CPU
		{63A5E683-5A51-4C45-A9DE-CA0C26C6EC5A}.Release|ARM64.ActiveCfg = Release|Any CPU
		{63A5E683-5A51-4C45-A9DE-CA0C26C6EC5A}.Release|ARM64.Build.0 = Release|Any CPU
		{63A5E683-5A51-4C45-A9DE-CA0C26C6EC5A}.Release|iPhone.ActiveCfg = Release|Any CPU
		{63A5E683-5A51-4C45-A9DE-CA0C26C6EC5A}.Release|iPhone.Build.0 = Release|Any CPU
		{63A5E683-5A51-4C45-A9DE-CA0C26C6EC5A}.Release|iPhoneSimulator.ActiveCfg = Release|Any CPU
		{63A5E683-5A51-4C45-A9DE-CA0C26C6EC5A}.Release|iPhoneSimulator.Build.0 = Release|Any CPU
		{63A5E683-5A51-4C45-A9DE-CA0C26C6EC5A}.Release|x64.ActiveCfg = Release|Any CPU
		{63A5E683-5A51-4C45-A9DE-CA0C26C6EC5A}.Release|x64.Build.0 = Release|Any CPU
		{63A5E683-5A51-4C45-A9DE-CA0C26C6EC5A}.Release|x86.ActiveCfg = Release|Any CPU
		{63A5E683-5A51-4C45-A9DE-CA0C26C6EC5A}.Release|x86.Build.0 = Release|Any CPU
		{97D66A85-F340-4678-AE0C-E7E996E748EE}.Ad-Hoc|Any CPU.ActiveCfg = Release|x64
		{97D66A85-F340-4678-AE0C-E7E996E748EE}.Ad-Hoc|Any CPU.Build.0 = Release|x64
		{97D66A85-F340-4678-AE0C-E7E996E748EE}.Ad-Hoc|ARM.ActiveCfg = Release|ARM
		{97D66A85-F340-4678-AE0C-E7E996E748EE}.Ad-Hoc|ARM.Build.0 = Release|ARM
		{97D66A85-F340-4678-AE0C-E7E996E748EE}.Ad-Hoc|ARM64.ActiveCfg = Debug|x64
		{97D66A85-F340-4678-AE0C-E7E996E748EE}.Ad-Hoc|ARM64.Build.0 = Debug|x64
		{97D66A85-F340-4678-AE0C-E7E996E748EE}.Ad-Hoc|iPhone.ActiveCfg = Release|x64
		{97D66A85-F340-4678-AE0C-E7E996E748EE}.Ad-Hoc|iPhone.Build.0 = Release|x64
		{97D66A85-F340-4678-AE0C-E7E996E748EE}.Ad-Hoc|iPhoneSimulator.ActiveCfg = Release|x64
		{97D66A85-F340-4678-AE0C-E7E996E748EE}.Ad-Hoc|iPhoneSimulator.Build.0 = Release|x64
		{97D66A85-F340-4678-AE0C-E7E996E748EE}.Ad-Hoc|x64.ActiveCfg = Release|x64
		{97D66A85-F340-4678-AE0C-E7E996E748EE}.Ad-Hoc|x64.Build.0 = Release|x64
		{97D66A85-F340-4678-AE0C-E7E996E748EE}.Ad-Hoc|x86.ActiveCfg = Release|x86
		{97D66A85-F340-4678-AE0C-E7E996E748EE}.Ad-Hoc|x86.Build.0 = Release|x86
		{97D66A85-F340-4678-AE0C-E7E996E748EE}.AppStore|Any CPU.ActiveCfg = Release|x64
		{97D66A85-F340-4678-AE0C-E7E996E748EE}.AppStore|Any CPU.Build.0 = Release|x64
		{97D66A85-F340-4678-AE0C-E7E996E748EE}.AppStore|ARM.ActiveCfg = Release|ARM
		{97D66A85-F340-4678-AE0C-E7E996E748EE}.AppStore|ARM.Build.0 = Release|ARM
		{97D66A85-F340-4678-AE0C-E7E996E748EE}.AppStore|ARM64.ActiveCfg = Debug|x64
		{97D66A85-F340-4678-AE0C-E7E996E748EE}.AppStore|ARM64.Build.0 = Debug|x64
		{97D66A85-F340-4678-AE0C-E7E996E748EE}.AppStore|iPhone.ActiveCfg = Release|x64
		{97D66A85-F340-4678-AE0C-E7E996E748EE}.AppStore|iPhone.Build.0 = Release|x64
		{97D66A85-F340-4678-AE0C-E7E996E748EE}.AppStore|iPhoneSimulator.ActiveCfg = Release|x64
		{97D66A85-F340-4678-AE0C-E7E996E748EE}.AppStore|iPhoneSimulator.Build.0 = Release|x64
		{97D66A85-F340-4678-AE0C-E7E996E748EE}.AppStore|x64.ActiveCfg = Release|x64
		{97D66A85-F340-4678-AE0C-E7E996E748EE}.AppStore|x64.Build.0 = Release|x64
		{97D66A85-F340-4678-AE0C-E7E996E748EE}.AppStore|x86.ActiveCfg = Release|x86
		{97D66A85-F340-4678-AE0C-E7E996E748EE}.AppStore|x86.Build.0 = Release|x86
		{97D66A85-F340-4678-AE0C-E7E996E748EE}.Debug|Any CPU.ActiveCfg = Debug|x86
		{97D66A85-F340-4678-AE0C-E7E996E748EE}.Debug|ARM.ActiveCfg = Debug|ARM
		{97D66A85-F340-4678-AE0C-E7E996E748EE}.Debug|ARM.Build.0 = Debug|ARM
		{97D66A85-F340-4678-AE0C-E7E996E748EE}.Debug|ARM64.ActiveCfg = Debug|x86
		{97D66A85-F340-4678-AE0C-E7E996E748EE}.Debug|iPhone.ActiveCfg = Debug|x86
		{97D66A85-F340-4678-AE0C-E7E996E748EE}.Debug|iPhoneSimulator.ActiveCfg = Debug|x86
		{97D66A85-F340-4678-AE0C-E7E996E748EE}.Debug|x64.ActiveCfg = Debug|x64
		{97D66A85-F340-4678-AE0C-E7E996E748EE}.Debug|x64.Build.0 = Debug|x64
		{97D66A85-F340-4678-AE0C-E7E996E748EE}.Debug|x86.ActiveCfg = Debug|x86
		{97D66A85-F340-4678-AE0C-E7E996E748EE}.Debug|x86.Build.0 = Debug|x86
		{97D66A85-F340-4678-AE0C-E7E996E748EE}.Release|Any CPU.ActiveCfg = Release|x86
		{97D66A85-F340-4678-AE0C-E7E996E748EE}.Release|ARM.ActiveCfg = Release|ARM
		{97D66A85-F340-4678-AE0C-E7E996E748EE}.Release|ARM.Build.0 = Release|ARM
		{97D66A85-F340-4678-AE0C-E7E996E748EE}.Release|ARM64.ActiveCfg = Release|x86
		{97D66A85-F340-4678-AE0C-E7E996E748EE}.Release|iPhone.ActiveCfg = Release|x86
		{97D66A85-F340-4678-AE0C-E7E996E748EE}.Release|iPhoneSimulator.ActiveCfg = Release|x86
		{97D66A85-F340-4678-AE0C-E7E996E748EE}.Release|x64.ActiveCfg = Release|x64
		{97D66A85-F340-4678-AE0C-E7E996E748EE}.Release|x64.Build.0 = Release|x64
		{97D66A85-F340-4678-AE0C-E7E996E748EE}.Release|x86.ActiveCfg = Release|x86
		{97D66A85-F340-4678-AE0C-E7E996E748EE}.Release|x86.Build.0 = Release|x86
		{22EF0A21-71AF-44ED-82A1-1565E43EADAB}.Ad-Hoc|Any CPU.ActiveCfg = Debug|Any CPU
		{22EF0A21-71AF-44ED-82A1-1565E43EADAB}.Ad-Hoc|Any CPU.Build.0 = Debug|Any CPU
		{22EF0A21-71AF-44ED-82A1-1565E43EADAB}.Ad-Hoc|ARM.ActiveCfg = Debug|Any CPU
		{22EF0A21-71AF-44ED-82A1-1565E43EADAB}.Ad-Hoc|ARM.Build.0 = Debug|Any CPU
		{22EF0A21-71AF-44ED-82A1-1565E43EADAB}.Ad-Hoc|ARM64.ActiveCfg = Release|Any CPU
		{22EF0A21-71AF-44ED-82A1-1565E43EADAB}.Ad-Hoc|ARM64.Build.0 = Release|Any CPU
		{22EF0A21-71AF-44ED-82A1-1565E43EADAB}.Ad-Hoc|iPhone.ActiveCfg = Debug|Any CPU
		{22EF0A21-71AF-44ED-82A1-1565E43EADAB}.Ad-Hoc|iPhone.Build.0 = Debug|Any CPU
		{22EF0A21-71AF-44ED-82A1-1565E43EADAB}.Ad-Hoc|iPhoneSimulator.ActiveCfg = Debug|Any CPU
		{22EF0A21-71AF-44ED-82A1-1565E43EADAB}.Ad-Hoc|iPhoneSimulator.Build.0 = Debug|Any CPU
		{22EF0A21-71AF-44ED-82A1-1565E43EADAB}.Ad-Hoc|x64.ActiveCfg = Debug|Any CPU
		{22EF0A21-71AF-44ED-82A1-1565E43EADAB}.Ad-Hoc|x64.Build.0 = Debug|Any CPU
		{22EF0A21-71AF-44ED-82A1-1565E43EADAB}.Ad-Hoc|x86.ActiveCfg = Debug|Any CPU
		{22EF0A21-71AF-44ED-82A1-1565E43EADAB}.Ad-Hoc|x86.Build.0 = Debug|Any CPU
		{22EF0A21-71AF-44ED-82A1-1565E43EADAB}.AppStore|Any CPU.ActiveCfg = Debug|Any CPU
		{22EF0A21-71AF-44ED-82A1-1565E43EADAB}.AppStore|Any CPU.Build.0 = Debug|Any CPU
		{22EF0A21-71AF-44ED-82A1-1565E43EADAB}.AppStore|ARM.ActiveCfg = Debug|Any CPU
		{22EF0A21-71AF-44ED-82A1-1565E43EADAB}.AppStore|ARM.Build.0 = Debug|Any CPU
		{22EF0A21-71AF-44ED-82A1-1565E43EADAB}.AppStore|ARM64.ActiveCfg = Release|Any CPU
		{22EF0A21-71AF-44ED-82A1-1565E43EADAB}.AppStore|ARM64.Build.0 = Release|Any CPU
		{22EF0A21-71AF-44ED-82A1-1565E43EADAB}.AppStore|iPhone.ActiveCfg = Debug|Any CPU
		{22EF0A21-71AF-44ED-82A1-1565E43EADAB}.AppStore|iPhone.Build.0 = Debug|Any CPU
		{22EF0A21-71AF-44ED-82A1-1565E43EADAB}.AppStore|iPhoneSimulator.ActiveCfg = Debug|Any CPU
		{22EF0A21-71AF-44ED-82A1-1565E43EADAB}.AppStore|iPhoneSimulator.Build.0 = Debug|Any CPU
		{22EF0A21-71AF-44ED-82A1-1565E43EADAB}.AppStore|x64.ActiveCfg = Debug|Any CPU
		{22EF0A21-71AF-44ED-82A1-1565E43EADAB}.AppStore|x64.Build.0 = Debug|Any CPU
		{22EF0A21-71AF-44ED-82A1-1565E43EADAB}.AppStore|x86.ActiveCfg = Debug|Any CPU
		{22EF0A21-71AF-44ED-82A1-1565E43EADAB}.AppStore|x86.Build.0 = Debug|Any CPU
		{22EF0A21-71AF-44ED-82A1-1565E43EADAB}.Debug|Any CPU.ActiveCfg = Debug|Any CPU
		{22EF0A21-71AF-44ED-82A1-1565E43EADAB}.Debug|Any CPU.Build.0 = Debug|Any CPU
		{22EF0A21-71AF-44ED-82A1-1565E43EADAB}.Debug|ARM.ActiveCfg = Debug|Any CPU
		{22EF0A21-71AF-44ED-82A1-1565E43EADAB}.Debug|ARM.Build.0 = Debug|Any CPU
		{22EF0A21-71AF-44ED-82A1-1565E43EADAB}.Debug|ARM64.ActiveCfg = Debug|Any CPU
		{22EF0A21-71AF-44ED-82A1-1565E43EADAB}.Debug|ARM64.Build.0 = Debug|Any CPU
		{22EF0A21-71AF-44ED-82A1-1565E43EADAB}.Debug|iPhone.ActiveCfg = Debug|Any CPU
		{22EF0A21-71AF-44ED-82A1-1565E43EADAB}.Debug|iPhone.Build.0 = Debug|Any CPU
		{22EF0A21-71AF-44ED-82A1-1565E43EADAB}.Debug|iPhoneSimulator.ActiveCfg = Debug|Any CPU
		{22EF0A21-71AF-44ED-82A1-1565E43EADAB}.Debug|iPhoneSimulator.Build.0 = Debug|Any CPU
		{22EF0A21-71AF-44ED-82A1-1565E43EADAB}.Debug|x64.ActiveCfg = Debug|Any CPU
		{22EF0A21-71AF-44ED-82A1-1565E43EADAB}.Debug|x64.Build.0 = Debug|Any CPU
		{22EF0A21-71AF-44ED-82A1-1565E43EADAB}.Debug|x86.ActiveCfg = Debug|Any CPU
		{22EF0A21-71AF-44ED-82A1-1565E43EADAB}.Debug|x86.Build.0 = Debug|Any CPU
		{22EF0A21-71AF-44ED-82A1-1565E43EADAB}.Release|Any CPU.ActiveCfg = Release|Any CPU
		{22EF0A21-71AF-44ED-82A1-1565E43EADAB}.Release|Any CPU.Build.0 = Release|Any CPU
		{22EF0A21-71AF-44ED-82A1-1565E43EADAB}.Release|ARM.ActiveCfg = Release|Any CPU
		{22EF0A21-71AF-44ED-82A1-1565E43EADAB}.Release|ARM.Build.0 = Release|Any CPU
		{22EF0A21-71AF-44ED-82A1-1565E43EADAB}.Release|ARM64.ActiveCfg = Release|Any CPU
		{22EF0A21-71AF-44ED-82A1-1565E43EADAB}.Release|ARM64.Build.0 = Release|Any CPU
		{22EF0A21-71AF-44ED-82A1-1565E43EADAB}.Release|iPhone.ActiveCfg = Release|Any CPU
		{22EF0A21-71AF-44ED-82A1-1565E43EADAB}.Release|iPhone.Build.0 = Release|Any CPU
		{22EF0A21-71AF-44ED-82A1-1565E43EADAB}.Release|iPhoneSimulator.ActiveCfg = Release|Any CPU
		{22EF0A21-71AF-44ED-82A1-1565E43EADAB}.Release|iPhoneSimulator.Build.0 = Release|Any CPU
		{22EF0A21-71AF-44ED-82A1-1565E43EADAB}.Release|x64.ActiveCfg = Release|Any CPU
		{22EF0A21-71AF-44ED-82A1-1565E43EADAB}.Release|x64.Build.0 = Release|Any CPU
		{22EF0A21-71AF-44ED-82A1-1565E43EADAB}.Release|x86.ActiveCfg = Release|Any CPU
		{22EF0A21-71AF-44ED-82A1-1565E43EADAB}.Release|x86.Build.0 = Release|Any CPU
		{CCFE803C-EB13-4792-BCB4-4DC6E5723811}.Ad-Hoc|Any CPU.ActiveCfg = Debug|Any CPU
		{CCFE803C-EB13-4792-BCB4-4DC6E5723811}.Ad-Hoc|Any CPU.Build.0 = Debug|Any CPU
		{CCFE803C-EB13-4792-BCB4-4DC6E5723811}.Ad-Hoc|ARM.ActiveCfg = Debug|Any CPU
		{CCFE803C-EB13-4792-BCB4-4DC6E5723811}.Ad-Hoc|ARM.Build.0 = Debug|Any CPU
		{CCFE803C-EB13-4792-BCB4-4DC6E5723811}.Ad-Hoc|ARM64.ActiveCfg = Release|Any CPU
		{CCFE803C-EB13-4792-BCB4-4DC6E5723811}.Ad-Hoc|ARM64.Build.0 = Release|Any CPU
		{CCFE803C-EB13-4792-BCB4-4DC6E5723811}.Ad-Hoc|iPhone.ActiveCfg = Debug|Any CPU
		{CCFE803C-EB13-4792-BCB4-4DC6E5723811}.Ad-Hoc|iPhone.Build.0 = Debug|Any CPU
		{CCFE803C-EB13-4792-BCB4-4DC6E5723811}.Ad-Hoc|iPhoneSimulator.ActiveCfg = Debug|Any CPU
		{CCFE803C-EB13-4792-BCB4-4DC6E5723811}.Ad-Hoc|iPhoneSimulator.Build.0 = Debug|Any CPU
		{CCFE803C-EB13-4792-BCB4-4DC6E5723811}.Ad-Hoc|x64.ActiveCfg = Debug|Any CPU
		{CCFE803C-EB13-4792-BCB4-4DC6E5723811}.Ad-Hoc|x64.Build.0 = Debug|Any CPU
		{CCFE803C-EB13-4792-BCB4-4DC6E5723811}.Ad-Hoc|x86.ActiveCfg = Debug|Any CPU
		{CCFE803C-EB13-4792-BCB4-4DC6E5723811}.Ad-Hoc|x86.Build.0 = Debug|Any CPU
		{CCFE803C-EB13-4792-BCB4-4DC6E5723811}.AppStore|Any CPU.ActiveCfg = Debug|Any CPU
		{CCFE803C-EB13-4792-BCB4-4DC6E5723811}.AppStore|Any CPU.Build.0 = Debug|Any CPU
		{CCFE803C-EB13-4792-BCB4-4DC6E5723811}.AppStore|ARM.ActiveCfg = Debug|Any CPU
		{CCFE803C-EB13-4792-BCB4-4DC6E5723811}.AppStore|ARM.Build.0 = Debug|Any CPU
		{CCFE803C-EB13-4792-BCB4-4DC6E5723811}.AppStore|ARM64.ActiveCfg = Release|Any CPU
		{CCFE803C-EB13-4792-BCB4-4DC6E5723811}.AppStore|ARM64.Build.0 = Release|Any CPU
		{CCFE803C-EB13-4792-BCB4-4DC6E5723811}.AppStore|iPhone.ActiveCfg = Debug|Any CPU
		{CCFE803C-EB13-4792-BCB4-4DC6E5723811}.AppStore|iPhone.Build.0 = Debug|Any CPU
		{CCFE803C-EB13-4792-BCB4-4DC6E5723811}.AppStore|iPhoneSimulator.ActiveCfg = Debug|Any CPU
		{CCFE803C-EB13-4792-BCB4-4DC6E5723811}.AppStore|iPhoneSimulator.Build.0 = Debug|Any CPU
		{CCFE803C-EB13-4792-BCB4-4DC6E5723811}.AppStore|x64.ActiveCfg = Debug|Any CPU
		{CCFE803C-EB13-4792-BCB4-4DC6E5723811}.AppStore|x64.Build.0 = Debug|Any CPU
		{CCFE803C-EB13-4792-BCB4-4DC6E5723811}.AppStore|x86.ActiveCfg = Debug|Any CPU
		{CCFE803C-EB13-4792-BCB4-4DC6E5723811}.AppStore|x86.Build.0 = Debug|Any CPU
		{CCFE803C-EB13-4792-BCB4-4DC6E5723811}.Debug|Any CPU.ActiveCfg = Debug|Any CPU
		{CCFE803C-EB13-4792-BCB4-4DC6E5723811}.Debug|Any CPU.Build.0 = Debug|Any CPU
		{CCFE803C-EB13-4792-BCB4-4DC6E5723811}.Debug|ARM.ActiveCfg = Debug|Any CPU
		{CCFE803C-EB13-4792-BCB4-4DC6E5723811}.Debug|ARM.Build.0 = Debug|Any CPU
		{CCFE803C-EB13-4792-BCB4-4DC6E5723811}.Debug|ARM64.ActiveCfg = Debug|Any CPU
		{CCFE803C-EB13-4792-BCB4-4DC6E5723811}.Debug|ARM64.Build.0 = Debug|Any CPU
		{CCFE803C-EB13-4792-BCB4-4DC6E5723811}.Debug|iPhone.ActiveCfg = Debug|Any CPU
		{CCFE803C-EB13-4792-BCB4-4DC6E5723811}.Debug|iPhone.Build.0 = Debug|Any CPU
		{CCFE803C-EB13-4792-BCB4-4DC6E5723811}.Debug|iPhoneSimulator.ActiveCfg = Debug|Any CPU
		{CCFE803C-EB13-4792-BCB4-4DC6E5723811}.Debug|iPhoneSimulator.Build.0 = Debug|Any CPU
		{CCFE803C-EB13-4792-BCB4-4DC6E5723811}.Debug|x64.ActiveCfg = Debug|Any CPU
		{CCFE803C-EB13-4792-BCB4-4DC6E5723811}.Debug|x64.Build.0 = Debug|Any CPU
		{CCFE803C-EB13-4792-BCB4-4DC6E5723811}.Debug|x86.ActiveCfg = Debug|Any CPU
		{CCFE803C-EB13-4792-BCB4-4DC6E5723811}.Debug|x86.Build.0 = Debug|Any CPU
		{CCFE803C-EB13-4792-BCB4-4DC6E5723811}.Release|Any CPU.ActiveCfg = Release|Any CPU
		{CCFE803C-EB13-4792-BCB4-4DC6E5723811}.Release|Any CPU.Build.0 = Release|Any CPU
		{CCFE803C-EB13-4792-BCB4-4DC6E5723811}.Release|ARM.ActiveCfg = Release|Any CPU
		{CCFE803C-EB13-4792-BCB4-4DC6E5723811}.Release|ARM.Build.0 = Release|Any CPU
		{CCFE803C-EB13-4792-BCB4-4DC6E5723811}.Release|ARM64.ActiveCfg = Release|Any CPU
		{CCFE803C-EB13-4792-BCB4-4DC6E5723811}.Release|ARM64.Build.0 = Release|Any CPU
		{CCFE803C-EB13-4792-BCB4-4DC6E5723811}.Release|iPhone.ActiveCfg = Release|Any CPU
		{CCFE803C-EB13-4792-BCB4-4DC6E5723811}.Release|iPhone.Build.0 = Release|Any CPU
		{CCFE803C-EB13-4792-BCB4-4DC6E5723811}.Release|iPhoneSimulator.ActiveCfg = Release|Any CPU
		{CCFE803C-EB13-4792-BCB4-4DC6E5723811}.Release|iPhoneSimulator.Build.0 = Release|Any CPU
		{CCFE803C-EB13-4792-BCB4-4DC6E5723811}.Release|x64.ActiveCfg = Release|Any CPU
		{CCFE803C-EB13-4792-BCB4-4DC6E5723811}.Release|x64.Build.0 = Release|Any CPU
		{CCFE803C-EB13-4792-BCB4-4DC6E5723811}.Release|x86.ActiveCfg = Release|Any CPU
		{CCFE803C-EB13-4792-BCB4-4DC6E5723811}.Release|x86.Build.0 = Release|Any CPU
		{829DDA0F-3EE7-477C-B9CD-3352F3217830}.Ad-Hoc|Any CPU.ActiveCfg = Release|Any CPU
		{829DDA0F-3EE7-477C-B9CD-3352F3217830}.Ad-Hoc|Any CPU.Build.0 = Release|Any CPU
		{829DDA0F-3EE7-477C-B9CD-3352F3217830}.Ad-Hoc|Any CPU.Deploy.0 = Release|Any CPU
		{829DDA0F-3EE7-477C-B9CD-3352F3217830}.Ad-Hoc|ARM.ActiveCfg = Release|Any CPU
		{829DDA0F-3EE7-477C-B9CD-3352F3217830}.Ad-Hoc|ARM.Build.0 = Release|Any CPU
		{829DDA0F-3EE7-477C-B9CD-3352F3217830}.Ad-Hoc|ARM.Deploy.0 = Release|Any CPU
		{829DDA0F-3EE7-477C-B9CD-3352F3217830}.Ad-Hoc|ARM64.ActiveCfg = Debug|Any CPU
		{829DDA0F-3EE7-477C-B9CD-3352F3217830}.Ad-Hoc|ARM64.Build.0 = Debug|Any CPU
		{829DDA0F-3EE7-477C-B9CD-3352F3217830}.Ad-Hoc|ARM64.Deploy.0 = Debug|Any CPU
		{829DDA0F-3EE7-477C-B9CD-3352F3217830}.Ad-Hoc|iPhone.ActiveCfg = Release|Any CPU
		{829DDA0F-3EE7-477C-B9CD-3352F3217830}.Ad-Hoc|iPhone.Build.0 = Release|Any CPU
		{829DDA0F-3EE7-477C-B9CD-3352F3217830}.Ad-Hoc|iPhone.Deploy.0 = Release|Any CPU
		{829DDA0F-3EE7-477C-B9CD-3352F3217830}.Ad-Hoc|iPhoneSimulator.ActiveCfg = Release|Any CPU
		{829DDA0F-3EE7-477C-B9CD-3352F3217830}.Ad-Hoc|iPhoneSimulator.Build.0 = Release|Any CPU
		{829DDA0F-3EE7-477C-B9CD-3352F3217830}.Ad-Hoc|iPhoneSimulator.Deploy.0 = Release|Any CPU
		{829DDA0F-3EE7-477C-B9CD-3352F3217830}.Ad-Hoc|x64.ActiveCfg = Release|Any CPU
		{829DDA0F-3EE7-477C-B9CD-3352F3217830}.Ad-Hoc|x64.Build.0 = Release|Any CPU
		{829DDA0F-3EE7-477C-B9CD-3352F3217830}.Ad-Hoc|x64.Deploy.0 = Release|Any CPU
		{829DDA0F-3EE7-477C-B9CD-3352F3217830}.Ad-Hoc|x86.ActiveCfg = Release|Any CPU
		{829DDA0F-3EE7-477C-B9CD-3352F3217830}.Ad-Hoc|x86.Build.0 = Release|Any CPU
		{829DDA0F-3EE7-477C-B9CD-3352F3217830}.Ad-Hoc|x86.Deploy.0 = Release|Any CPU
		{829DDA0F-3EE7-477C-B9CD-3352F3217830}.AppStore|Any CPU.ActiveCfg = Release|Any CPU
		{829DDA0F-3EE7-477C-B9CD-3352F3217830}.AppStore|Any CPU.Build.0 = Release|Any CPU
		{829DDA0F-3EE7-477C-B9CD-3352F3217830}.AppStore|Any CPU.Deploy.0 = Release|Any CPU
		{829DDA0F-3EE7-477C-B9CD-3352F3217830}.AppStore|ARM.ActiveCfg = Release|Any CPU
		{829DDA0F-3EE7-477C-B9CD-3352F3217830}.AppStore|ARM.Build.0 = Release|Any CPU
		{829DDA0F-3EE7-477C-B9CD-3352F3217830}.AppStore|ARM.Deploy.0 = Release|Any CPU
		{829DDA0F-3EE7-477C-B9CD-3352F3217830}.AppStore|ARM64.ActiveCfg = Debug|Any CPU
		{829DDA0F-3EE7-477C-B9CD-3352F3217830}.AppStore|ARM64.Build.0 = Debug|Any CPU
		{829DDA0F-3EE7-477C-B9CD-3352F3217830}.AppStore|ARM64.Deploy.0 = Debug|Any CPU
		{829DDA0F-3EE7-477C-B9CD-3352F3217830}.AppStore|iPhone.ActiveCfg = Release|Any CPU
		{829DDA0F-3EE7-477C-B9CD-3352F3217830}.AppStore|iPhone.Build.0 = Release|Any CPU
		{829DDA0F-3EE7-477C-B9CD-3352F3217830}.AppStore|iPhone.Deploy.0 = Release|Any CPU
		{829DDA0F-3EE7-477C-B9CD-3352F3217830}.AppStore|iPhoneSimulator.ActiveCfg = Release|Any CPU
		{829DDA0F-3EE7-477C-B9CD-3352F3217830}.AppStore|iPhoneSimulator.Build.0 = Release|Any CPU
		{829DDA0F-3EE7-477C-B9CD-3352F3217830}.AppStore|iPhoneSimulator.Deploy.0 = Release|Any CPU
		{829DDA0F-3EE7-477C-B9CD-3352F3217830}.AppStore|x64.ActiveCfg = Release|Any CPU
		{829DDA0F-3EE7-477C-B9CD-3352F3217830}.AppStore|x64.Build.0 = Release|Any CPU
		{829DDA0F-3EE7-477C-B9CD-3352F3217830}.AppStore|x64.Deploy.0 = Release|Any CPU
		{829DDA0F-3EE7-477C-B9CD-3352F3217830}.AppStore|x86.ActiveCfg = Release|Any CPU
		{829DDA0F-3EE7-477C-B9CD-3352F3217830}.AppStore|x86.Build.0 = Release|Any CPU
		{829DDA0F-3EE7-477C-B9CD-3352F3217830}.AppStore|x86.Deploy.0 = Release|Any CPU
		{829DDA0F-3EE7-477C-B9CD-3352F3217830}.Debug|Any CPU.ActiveCfg = Debug|Any CPU
		{829DDA0F-3EE7-477C-B9CD-3352F3217830}.Debug|Any CPU.Build.0 = Debug|Any CPU
		{829DDA0F-3EE7-477C-B9CD-3352F3217830}.Debug|Any CPU.Deploy.0 = Debug|Any CPU
		{829DDA0F-3EE7-477C-B9CD-3352F3217830}.Debug|ARM.ActiveCfg = Debug|Any CPU
		{829DDA0F-3EE7-477C-B9CD-3352F3217830}.Debug|ARM.Build.0 = Debug|Any CPU
		{829DDA0F-3EE7-477C-B9CD-3352F3217830}.Debug|ARM.Deploy.0 = Debug|Any CPU
		{829DDA0F-3EE7-477C-B9CD-3352F3217830}.Debug|ARM64.ActiveCfg = Debug|Any CPU
		{829DDA0F-3EE7-477C-B9CD-3352F3217830}.Debug|ARM64.Build.0 = Debug|Any CPU
		{829DDA0F-3EE7-477C-B9CD-3352F3217830}.Debug|ARM64.Deploy.0 = Debug|Any CPU
		{829DDA0F-3EE7-477C-B9CD-3352F3217830}.Debug|iPhone.ActiveCfg = Debug|Any CPU
		{829DDA0F-3EE7-477C-B9CD-3352F3217830}.Debug|iPhone.Build.0 = Debug|Any CPU
		{829DDA0F-3EE7-477C-B9CD-3352F3217830}.Debug|iPhone.Deploy.0 = Debug|Any CPU
		{829DDA0F-3EE7-477C-B9CD-3352F3217830}.Debug|iPhoneSimulator.ActiveCfg = Debug|Any CPU
		{829DDA0F-3EE7-477C-B9CD-3352F3217830}.Debug|iPhoneSimulator.Build.0 = Debug|Any CPU
		{829DDA0F-3EE7-477C-B9CD-3352F3217830}.Debug|iPhoneSimulator.Deploy.0 = Debug|Any CPU
		{829DDA0F-3EE7-477C-B9CD-3352F3217830}.Debug|x64.ActiveCfg = Debug|Any CPU
		{829DDA0F-3EE7-477C-B9CD-3352F3217830}.Debug|x64.Build.0 = Debug|Any CPU
		{829DDA0F-3EE7-477C-B9CD-3352F3217830}.Debug|x64.Deploy.0 = Debug|Any CPU
		{829DDA0F-3EE7-477C-B9CD-3352F3217830}.Debug|x86.ActiveCfg = Debug|Any CPU
		{829DDA0F-3EE7-477C-B9CD-3352F3217830}.Debug|x86.Build.0 = Debug|Any CPU
		{829DDA0F-3EE7-477C-B9CD-3352F3217830}.Debug|x86.Deploy.0 = Debug|Any CPU
		{829DDA0F-3EE7-477C-B9CD-3352F3217830}.Release|Any CPU.ActiveCfg = Release|Any CPU
		{829DDA0F-3EE7-477C-B9CD-3352F3217830}.Release|Any CPU.Build.0 = Release|Any CPU
		{829DDA0F-3EE7-477C-B9CD-3352F3217830}.Release|Any CPU.Deploy.0 = Release|Any CPU
		{829DDA0F-3EE7-477C-B9CD-3352F3217830}.Release|ARM.ActiveCfg = Release|Any CPU
		{829DDA0F-3EE7-477C-B9CD-3352F3217830}.Release|ARM.Build.0 = Release|Any CPU
		{829DDA0F-3EE7-477C-B9CD-3352F3217830}.Release|ARM.Deploy.0 = Release|Any CPU
		{829DDA0F-3EE7-477C-B9CD-3352F3217830}.Release|ARM64.ActiveCfg = Release|Any CPU
		{829DDA0F-3EE7-477C-B9CD-3352F3217830}.Release|ARM64.Build.0 = Release|Any CPU
		{829DDA0F-3EE7-477C-B9CD-3352F3217830}.Release|ARM64.Deploy.0 = Release|Any CPU
		{829DDA0F-3EE7-477C-B9CD-3352F3217830}.Release|iPhone.ActiveCfg = Release|Any CPU
		{829DDA0F-3EE7-477C-B9CD-3352F3217830}.Release|iPhone.Build.0 = Release|Any CPU
		{829DDA0F-3EE7-477C-B9CD-3352F3217830}.Release|iPhone.Deploy.0 = Release|Any CPU
		{829DDA0F-3EE7-477C-B9CD-3352F3217830}.Release|iPhoneSimulator.ActiveCfg = Release|Any CPU
		{829DDA0F-3EE7-477C-B9CD-3352F3217830}.Release|iPhoneSimulator.Build.0 = Release|Any CPU
		{829DDA0F-3EE7-477C-B9CD-3352F3217830}.Release|iPhoneSimulator.Deploy.0 = Release|Any CPU
		{829DDA0F-3EE7-477C-B9CD-3352F3217830}.Release|x64.ActiveCfg = Release|Any CPU
		{829DDA0F-3EE7-477C-B9CD-3352F3217830}.Release|x64.Build.0 = Release|Any CPU
		{829DDA0F-3EE7-477C-B9CD-3352F3217830}.Release|x64.Deploy.0 = Release|Any CPU
		{829DDA0F-3EE7-477C-B9CD-3352F3217830}.Release|x86.ActiveCfg = Release|Any CPU
		{829DDA0F-3EE7-477C-B9CD-3352F3217830}.Release|x86.Build.0 = Release|Any CPU
		{829DDA0F-3EE7-477C-B9CD-3352F3217830}.Release|x86.Deploy.0 = Release|Any CPU
		{C07F9F47-1194-496A-998A-6D6EBA5D78A1}.Ad-Hoc|Any CPU.ActiveCfg = Ad-Hoc|iPhone
		{C07F9F47-1194-496A-998A-6D6EBA5D78A1}.Ad-Hoc|ARM.ActiveCfg = Ad-Hoc|iPhone
		{C07F9F47-1194-496A-998A-6D6EBA5D78A1}.Ad-Hoc|ARM64.ActiveCfg = Ad-Hoc|iPhoneSimulator
		{C07F9F47-1194-496A-998A-6D6EBA5D78A1}.Ad-Hoc|iPhone.ActiveCfg = Ad-Hoc|iPhone
		{C07F9F47-1194-496A-998A-6D6EBA5D78A1}.Ad-Hoc|iPhone.Build.0 = Ad-Hoc|iPhone
		{C07F9F47-1194-496A-998A-6D6EBA5D78A1}.Ad-Hoc|iPhoneSimulator.ActiveCfg = Ad-Hoc|iPhoneSimulator
		{C07F9F47-1194-496A-998A-6D6EBA5D78A1}.Ad-Hoc|iPhoneSimulator.Build.0 = Ad-Hoc|iPhoneSimulator
		{C07F9F47-1194-496A-998A-6D6EBA5D78A1}.Ad-Hoc|x64.ActiveCfg = Ad-Hoc|iPhone
		{C07F9F47-1194-496A-998A-6D6EBA5D78A1}.Ad-Hoc|x86.ActiveCfg = Ad-Hoc|iPhone
		{C07F9F47-1194-496A-998A-6D6EBA5D78A1}.AppStore|Any CPU.ActiveCfg = AppStore|iPhone
		{C07F9F47-1194-496A-998A-6D6EBA5D78A1}.AppStore|ARM.ActiveCfg = AppStore|iPhone
		{C07F9F47-1194-496A-998A-6D6EBA5D78A1}.AppStore|ARM64.ActiveCfg = AppStore|iPhoneSimulator
		{C07F9F47-1194-496A-998A-6D6EBA5D78A1}.AppStore|iPhone.ActiveCfg = AppStore|iPhone
		{C07F9F47-1194-496A-998A-6D6EBA5D78A1}.AppStore|iPhone.Build.0 = AppStore|iPhone
		{C07F9F47-1194-496A-998A-6D6EBA5D78A1}.AppStore|iPhoneSimulator.ActiveCfg = AppStore|iPhoneSimulator
		{C07F9F47-1194-496A-998A-6D6EBA5D78A1}.AppStore|iPhoneSimulator.Build.0 = AppStore|iPhoneSimulator
		{C07F9F47-1194-496A-998A-6D6EBA5D78A1}.AppStore|x64.ActiveCfg = AppStore|iPhone
		{C07F9F47-1194-496A-998A-6D6EBA5D78A1}.AppStore|x86.ActiveCfg = AppStore|iPhone
		{C07F9F47-1194-496A-998A-6D6EBA5D78A1}.Debug|Any CPU.ActiveCfg = Debug|iPhone
		{C07F9F47-1194-496A-998A-6D6EBA5D78A1}.Debug|ARM.ActiveCfg = Debug|iPhone
		{C07F9F47-1194-496A-998A-6D6EBA5D78A1}.Debug|ARM64.ActiveCfg = Debug|iPhoneSimulator
		{C07F9F47-1194-496A-998A-6D6EBA5D78A1}.Debug|iPhone.ActiveCfg = Debug|iPhone
		{C07F9F47-1194-496A-998A-6D6EBA5D78A1}.Debug|iPhone.Build.0 = Debug|iPhone
		{C07F9F47-1194-496A-998A-6D6EBA5D78A1}.Debug|iPhoneSimulator.ActiveCfg = Debug|iPhoneSimulator
		{C07F9F47-1194-496A-998A-6D6EBA5D78A1}.Debug|iPhoneSimulator.Build.0 = Debug|iPhoneSimulator
		{C07F9F47-1194-496A-998A-6D6EBA5D78A1}.Debug|x64.ActiveCfg = Debug|iPhone
		{C07F9F47-1194-496A-998A-6D6EBA5D78A1}.Debug|x86.ActiveCfg = Debug|iPhone
		{C07F9F47-1194-496A-998A-6D6EBA5D78A1}.Release|Any CPU.ActiveCfg = Release|iPhone
		{C07F9F47-1194-496A-998A-6D6EBA5D78A1}.Release|ARM.ActiveCfg = Release|iPhone
		{C07F9F47-1194-496A-998A-6D6EBA5D78A1}.Release|ARM64.ActiveCfg = Release|iPhoneSimulator
		{C07F9F47-1194-496A-998A-6D6EBA5D78A1}.Release|iPhone.ActiveCfg = Release|iPhone
		{C07F9F47-1194-496A-998A-6D6EBA5D78A1}.Release|iPhone.Build.0 = Release|iPhone
		{C07F9F47-1194-496A-998A-6D6EBA5D78A1}.Release|iPhoneSimulator.ActiveCfg = Release|iPhoneSimulator
		{C07F9F47-1194-496A-998A-6D6EBA5D78A1}.Release|iPhoneSimulator.Build.0 = Release|iPhoneSimulator
		{C07F9F47-1194-496A-998A-6D6EBA5D78A1}.Release|x64.ActiveCfg = Release|iPhone
		{C07F9F47-1194-496A-998A-6D6EBA5D78A1}.Release|x86.ActiveCfg = Release|iPhone
		{98CB95FA-B6B0-45F0-A41D-6177BA0005D0}.Ad-Hoc|Any CPU.ActiveCfg = Release|x86
		{98CB95FA-B6B0-45F0-A41D-6177BA0005D0}.Ad-Hoc|Any CPU.Build.0 = Release|x86
		{98CB95FA-B6B0-45F0-A41D-6177BA0005D0}.Ad-Hoc|Any CPU.Deploy.0 = Release|x86
		{98CB95FA-B6B0-45F0-A41D-6177BA0005D0}.Ad-Hoc|ARM.ActiveCfg = Release|ARM
		{98CB95FA-B6B0-45F0-A41D-6177BA0005D0}.Ad-Hoc|ARM.Build.0 = Release|ARM
		{98CB95FA-B6B0-45F0-A41D-6177BA0005D0}.Ad-Hoc|ARM.Deploy.0 = Release|ARM
		{98CB95FA-B6B0-45F0-A41D-6177BA0005D0}.Ad-Hoc|ARM64.ActiveCfg = Debug|x64
		{98CB95FA-B6B0-45F0-A41D-6177BA0005D0}.Ad-Hoc|ARM64.Build.0 = Debug|x64
		{98CB95FA-B6B0-45F0-A41D-6177BA0005D0}.Ad-Hoc|ARM64.Deploy.0 = Debug|x64
		{98CB95FA-B6B0-45F0-A41D-6177BA0005D0}.Ad-Hoc|iPhone.ActiveCfg = Release|x86
		{98CB95FA-B6B0-45F0-A41D-6177BA0005D0}.Ad-Hoc|iPhone.Build.0 = Release|x86
		{98CB95FA-B6B0-45F0-A41D-6177BA0005D0}.Ad-Hoc|iPhone.Deploy.0 = Release|x86
		{98CB95FA-B6B0-45F0-A41D-6177BA0005D0}.Ad-Hoc|iPhoneSimulator.ActiveCfg = Release|x86
		{98CB95FA-B6B0-45F0-A41D-6177BA0005D0}.Ad-Hoc|iPhoneSimulator.Build.0 = Release|x86
		{98CB95FA-B6B0-45F0-A41D-6177BA0005D0}.Ad-Hoc|iPhoneSimulator.Deploy.0 = Release|x86
		{98CB95FA-B6B0-45F0-A41D-6177BA0005D0}.Ad-Hoc|x64.ActiveCfg = Release|x64
		{98CB95FA-B6B0-45F0-A41D-6177BA0005D0}.Ad-Hoc|x64.Build.0 = Release|x64
		{98CB95FA-B6B0-45F0-A41D-6177BA0005D0}.Ad-Hoc|x64.Deploy.0 = Release|x64
		{98CB95FA-B6B0-45F0-A41D-6177BA0005D0}.Ad-Hoc|x86.ActiveCfg = Release|x86
		{98CB95FA-B6B0-45F0-A41D-6177BA0005D0}.Ad-Hoc|x86.Build.0 = Release|x86
		{98CB95FA-B6B0-45F0-A41D-6177BA0005D0}.Ad-Hoc|x86.Deploy.0 = Release|x86
		{98CB95FA-B6B0-45F0-A41D-6177BA0005D0}.AppStore|Any CPU.ActiveCfg = Release|x86
		{98CB95FA-B6B0-45F0-A41D-6177BA0005D0}.AppStore|Any CPU.Build.0 = Release|x86
		{98CB95FA-B6B0-45F0-A41D-6177BA0005D0}.AppStore|Any CPU.Deploy.0 = Release|x86
		{98CB95FA-B6B0-45F0-A41D-6177BA0005D0}.AppStore|ARM.ActiveCfg = Release|ARM
		{98CB95FA-B6B0-45F0-A41D-6177BA0005D0}.AppStore|ARM.Build.0 = Release|ARM
		{98CB95FA-B6B0-45F0-A41D-6177BA0005D0}.AppStore|ARM.Deploy.0 = Release|ARM
		{98CB95FA-B6B0-45F0-A41D-6177BA0005D0}.AppStore|ARM64.ActiveCfg = Debug|x64
		{98CB95FA-B6B0-45F0-A41D-6177BA0005D0}.AppStore|ARM64.Build.0 = Debug|x64
		{98CB95FA-B6B0-45F0-A41D-6177BA0005D0}.AppStore|ARM64.Deploy.0 = Debug|x64
		{98CB95FA-B6B0-45F0-A41D-6177BA0005D0}.AppStore|iPhone.ActiveCfg = Release|x86
		{98CB95FA-B6B0-45F0-A41D-6177BA0005D0}.AppStore|iPhone.Build.0 = Release|x86
		{98CB95FA-B6B0-45F0-A41D-6177BA0005D0}.AppStore|iPhone.Deploy.0 = Release|x86
		{98CB95FA-B6B0-45F0-A41D-6177BA0005D0}.AppStore|iPhoneSimulator.ActiveCfg = Release|x86
		{98CB95FA-B6B0-45F0-A41D-6177BA0005D0}.AppStore|iPhoneSimulator.Build.0 = Release|x86
		{98CB95FA-B6B0-45F0-A41D-6177BA0005D0}.AppStore|iPhoneSimulator.Deploy.0 = Release|x86
		{98CB95FA-B6B0-45F0-A41D-6177BA0005D0}.AppStore|x64.ActiveCfg = Release|x64
		{98CB95FA-B6B0-45F0-A41D-6177BA0005D0}.AppStore|x64.Build.0 = Release|x64
		{98CB95FA-B6B0-45F0-A41D-6177BA0005D0}.AppStore|x64.Deploy.0 = Release|x64
		{98CB95FA-B6B0-45F0-A41D-6177BA0005D0}.AppStore|x86.ActiveCfg = Release|x86
		{98CB95FA-B6B0-45F0-A41D-6177BA0005D0}.AppStore|x86.Build.0 = Release|x86
		{98CB95FA-B6B0-45F0-A41D-6177BA0005D0}.AppStore|x86.Deploy.0 = Release|x86
		{98CB95FA-B6B0-45F0-A41D-6177BA0005D0}.Debug|Any CPU.ActiveCfg = Debug|x86
		{98CB95FA-B6B0-45F0-A41D-6177BA0005D0}.Debug|ARM.ActiveCfg = Debug|ARM
		{98CB95FA-B6B0-45F0-A41D-6177BA0005D0}.Debug|ARM.Build.0 = Debug|ARM
		{98CB95FA-B6B0-45F0-A41D-6177BA0005D0}.Debug|ARM.Deploy.0 = Debug|ARM
		{98CB95FA-B6B0-45F0-A41D-6177BA0005D0}.Debug|ARM64.ActiveCfg = Debug|x86
		{98CB95FA-B6B0-45F0-A41D-6177BA0005D0}.Debug|iPhone.ActiveCfg = Debug|x86
		{98CB95FA-B6B0-45F0-A41D-6177BA0005D0}.Debug|iPhoneSimulator.ActiveCfg = Debug|x86
		{98CB95FA-B6B0-45F0-A41D-6177BA0005D0}.Debug|x64.ActiveCfg = Debug|x64
		{98CB95FA-B6B0-45F0-A41D-6177BA0005D0}.Debug|x64.Build.0 = Debug|x64
		{98CB95FA-B6B0-45F0-A41D-6177BA0005D0}.Debug|x64.Deploy.0 = Debug|x64
		{98CB95FA-B6B0-45F0-A41D-6177BA0005D0}.Debug|x86.ActiveCfg = Debug|x86
		{98CB95FA-B6B0-45F0-A41D-6177BA0005D0}.Debug|x86.Build.0 = Debug|x86
		{98CB95FA-B6B0-45F0-A41D-6177BA0005D0}.Debug|x86.Deploy.0 = Debug|x86
		{98CB95FA-B6B0-45F0-A41D-6177BA0005D0}.Release|Any CPU.ActiveCfg = Release|x86
		{98CB95FA-B6B0-45F0-A41D-6177BA0005D0}.Release|ARM.ActiveCfg = Release|ARM
		{98CB95FA-B6B0-45F0-A41D-6177BA0005D0}.Release|ARM.Build.0 = Release|ARM
		{98CB95FA-B6B0-45F0-A41D-6177BA0005D0}.Release|ARM.Deploy.0 = Release|ARM
		{98CB95FA-B6B0-45F0-A41D-6177BA0005D0}.Release|ARM64.ActiveCfg = Release|x86
		{98CB95FA-B6B0-45F0-A41D-6177BA0005D0}.Release|iPhone.ActiveCfg = Release|x86
		{98CB95FA-B6B0-45F0-A41D-6177BA0005D0}.Release|iPhoneSimulator.ActiveCfg = Release|x86
		{98CB95FA-B6B0-45F0-A41D-6177BA0005D0}.Release|x64.ActiveCfg = Release|x64
		{98CB95FA-B6B0-45F0-A41D-6177BA0005D0}.Release|x64.Build.0 = Release|x64
		{98CB95FA-B6B0-45F0-A41D-6177BA0005D0}.Release|x64.Deploy.0 = Release|x64
		{98CB95FA-B6B0-45F0-A41D-6177BA0005D0}.Release|x86.ActiveCfg = Release|x86
		{98CB95FA-B6B0-45F0-A41D-6177BA0005D0}.Release|x86.Build.0 = Release|x86
		{98CB95FA-B6B0-45F0-A41D-6177BA0005D0}.Release|x86.Deploy.0 = Release|x86
		{8B57F2D5-375E-4217-8393-52C955CF6195}.Ad-Hoc|Any CPU.ActiveCfg = Debug|Any CPU
		{8B57F2D5-375E-4217-8393-52C955CF6195}.Ad-Hoc|Any CPU.Build.0 = Debug|Any CPU
		{8B57F2D5-375E-4217-8393-52C955CF6195}.Ad-Hoc|ARM.ActiveCfg = Debug|Any CPU
		{8B57F2D5-375E-4217-8393-52C955CF6195}.Ad-Hoc|ARM.Build.0 = Debug|Any CPU
		{8B57F2D5-375E-4217-8393-52C955CF6195}.Ad-Hoc|ARM64.ActiveCfg = Release|Any CPU
		{8B57F2D5-375E-4217-8393-52C955CF6195}.Ad-Hoc|ARM64.Build.0 = Release|Any CPU
		{8B57F2D5-375E-4217-8393-52C955CF6195}.Ad-Hoc|iPhone.ActiveCfg = Debug|Any CPU
		{8B57F2D5-375E-4217-8393-52C955CF6195}.Ad-Hoc|iPhone.Build.0 = Debug|Any CPU
		{8B57F2D5-375E-4217-8393-52C955CF6195}.Ad-Hoc|iPhoneSimulator.ActiveCfg = Debug|Any CPU
		{8B57F2D5-375E-4217-8393-52C955CF6195}.Ad-Hoc|iPhoneSimulator.Build.0 = Debug|Any CPU
		{8B57F2D5-375E-4217-8393-52C955CF6195}.Ad-Hoc|x64.ActiveCfg = Debug|Any CPU
		{8B57F2D5-375E-4217-8393-52C955CF6195}.Ad-Hoc|x64.Build.0 = Debug|Any CPU
		{8B57F2D5-375E-4217-8393-52C955CF6195}.Ad-Hoc|x86.ActiveCfg = Debug|Any CPU
		{8B57F2D5-375E-4217-8393-52C955CF6195}.Ad-Hoc|x86.Build.0 = Debug|Any CPU
		{8B57F2D5-375E-4217-8393-52C955CF6195}.AppStore|Any CPU.ActiveCfg = Debug|Any CPU
		{8B57F2D5-375E-4217-8393-52C955CF6195}.AppStore|Any CPU.Build.0 = Debug|Any CPU
		{8B57F2D5-375E-4217-8393-52C955CF6195}.AppStore|ARM.ActiveCfg = Debug|Any CPU
		{8B57F2D5-375E-4217-8393-52C955CF6195}.AppStore|ARM.Build.0 = Debug|Any CPU
		{8B57F2D5-375E-4217-8393-52C955CF6195}.AppStore|ARM64.ActiveCfg = Release|Any CPU
		{8B57F2D5-375E-4217-8393-52C955CF6195}.AppStore|ARM64.Build.0 = Release|Any CPU
		{8B57F2D5-375E-4217-8393-52C955CF6195}.AppStore|iPhone.ActiveCfg = Debug|Any CPU
		{8B57F2D5-375E-4217-8393-52C955CF6195}.AppStore|iPhone.Build.0 = Debug|Any CPU
		{8B57F2D5-375E-4217-8393-52C955CF6195}.AppStore|iPhoneSimulator.ActiveCfg = Debug|Any CPU
		{8B57F2D5-375E-4217-8393-52C955CF6195}.AppStore|iPhoneSimulator.Build.0 = Debug|Any CPU
		{8B57F2D5-375E-4217-8393-52C955CF6195}.AppStore|x64.ActiveCfg = Debug|Any CPU
		{8B57F2D5-375E-4217-8393-52C955CF6195}.AppStore|x64.Build.0 = Debug|Any CPU
		{8B57F2D5-375E-4217-8393-52C955CF6195}.AppStore|x86.ActiveCfg = Debug|Any CPU
		{8B57F2D5-375E-4217-8393-52C955CF6195}.AppStore|x86.Build.0 = Debug|Any CPU
		{8B57F2D5-375E-4217-8393-52C955CF6195}.Debug|Any CPU.ActiveCfg = Debug|Any CPU
		{8B57F2D5-375E-4217-8393-52C955CF6195}.Debug|Any CPU.Build.0 = Debug|Any CPU
		{8B57F2D5-375E-4217-8393-52C955CF6195}.Debug|ARM.ActiveCfg = Debug|Any CPU
		{8B57F2D5-375E-4217-8393-52C955CF6195}.Debug|ARM.Build.0 = Debug|Any CPU
		{8B57F2D5-375E-4217-8393-52C955CF6195}.Debug|ARM64.ActiveCfg = Debug|Any CPU
		{8B57F2D5-375E-4217-8393-52C955CF6195}.Debug|ARM64.Build.0 = Debug|Any CPU
		{8B57F2D5-375E-4217-8393-52C955CF6195}.Debug|iPhone.ActiveCfg = Debug|Any CPU
		{8B57F2D5-375E-4217-8393-52C955CF6195}.Debug|iPhone.Build.0 = Debug|Any CPU
		{8B57F2D5-375E-4217-8393-52C955CF6195}.Debug|iPhoneSimulator.ActiveCfg = Debug|Any CPU
		{8B57F2D5-375E-4217-8393-52C955CF6195}.Debug|iPhoneSimulator.Build.0 = Debug|Any CPU
		{8B57F2D5-375E-4217-8393-52C955CF6195}.Debug|x64.ActiveCfg = Debug|Any CPU
		{8B57F2D5-375E-4217-8393-52C955CF6195}.Debug|x64.Build.0 = Debug|Any CPU
		{8B57F2D5-375E-4217-8393-52C955CF6195}.Debug|x86.ActiveCfg = Debug|Any CPU
		{8B57F2D5-375E-4217-8393-52C955CF6195}.Debug|x86.Build.0 = Debug|Any CPU
		{8B57F2D5-375E-4217-8393-52C955CF6195}.Release|Any CPU.ActiveCfg = Release|Any CPU
		{8B57F2D5-375E-4217-8393-52C955CF6195}.Release|Any CPU.Build.0 = Release|Any CPU
		{8B57F2D5-375E-4217-8393-52C955CF6195}.Release|ARM.ActiveCfg = Release|Any CPU
		{8B57F2D5-375E-4217-8393-52C955CF6195}.Release|ARM.Build.0 = Release|Any CPU
		{8B57F2D5-375E-4217-8393-52C955CF6195}.Release|ARM64.ActiveCfg = Release|Any CPU
		{8B57F2D5-375E-4217-8393-52C955CF6195}.Release|ARM64.Build.0 = Release|Any CPU
		{8B57F2D5-375E-4217-8393-52C955CF6195}.Release|iPhone.ActiveCfg = Release|Any CPU
		{8B57F2D5-375E-4217-8393-52C955CF6195}.Release|iPhone.Build.0 = Release|Any CPU
		{8B57F2D5-375E-4217-8393-52C955CF6195}.Release|iPhoneSimulator.ActiveCfg = Release|Any CPU
		{8B57F2D5-375E-4217-8393-52C955CF6195}.Release|iPhoneSimulator.Build.0 = Release|Any CPU
		{8B57F2D5-375E-4217-8393-52C955CF6195}.Release|x64.ActiveCfg = Release|Any CPU
		{8B57F2D5-375E-4217-8393-52C955CF6195}.Release|x64.Build.0 = Release|Any CPU
		{8B57F2D5-375E-4217-8393-52C955CF6195}.Release|x86.ActiveCfg = Release|Any CPU
		{8B57F2D5-375E-4217-8393-52C955CF6195}.Release|x86.Build.0 = Release|Any CPU
		{20705C89-F90E-4B10-827C-BA8A0B24E14F}.Ad-Hoc|Any CPU.ActiveCfg = Release|ARM64
		{20705C89-F90E-4B10-827C-BA8A0B24E14F}.Ad-Hoc|Any CPU.Build.0 = Release|ARM64
		{20705C89-F90E-4B10-827C-BA8A0B24E14F}.Ad-Hoc|Any CPU.Deploy.0 = Release|ARM64
		{20705C89-F90E-4B10-827C-BA8A0B24E14F}.Ad-Hoc|ARM.ActiveCfg = Release|ARM
		{20705C89-F90E-4B10-827C-BA8A0B24E14F}.Ad-Hoc|ARM.Build.0 = Release|ARM
		{20705C89-F90E-4B10-827C-BA8A0B24E14F}.Ad-Hoc|ARM.Deploy.0 = Release|ARM
		{20705C89-F90E-4B10-827C-BA8A0B24E14F}.Ad-Hoc|ARM64.ActiveCfg = Release|ARM64
		{20705C89-F90E-4B10-827C-BA8A0B24E14F}.Ad-Hoc|ARM64.Build.0 = Release|ARM64
		{20705C89-F90E-4B10-827C-BA8A0B24E14F}.Ad-Hoc|ARM64.Deploy.0 = Release|ARM64
		{20705C89-F90E-4B10-827C-BA8A0B24E14F}.Ad-Hoc|iPhone.ActiveCfg = Release|ARM64
		{20705C89-F90E-4B10-827C-BA8A0B24E14F}.Ad-Hoc|iPhone.Build.0 = Release|ARM64
		{20705C89-F90E-4B10-827C-BA8A0B24E14F}.Ad-Hoc|iPhone.Deploy.0 = Release|ARM64
		{20705C89-F90E-4B10-827C-BA8A0B24E14F}.Ad-Hoc|iPhoneSimulator.ActiveCfg = Release|ARM64
		{20705C89-F90E-4B10-827C-BA8A0B24E14F}.Ad-Hoc|iPhoneSimulator.Build.0 = Release|ARM64
		{20705C89-F90E-4B10-827C-BA8A0B24E14F}.Ad-Hoc|iPhoneSimulator.Deploy.0 = Release|ARM64
		{20705C89-F90E-4B10-827C-BA8A0B24E14F}.Ad-Hoc|x64.ActiveCfg = Release|x64
		{20705C89-F90E-4B10-827C-BA8A0B24E14F}.Ad-Hoc|x64.Build.0 = Release|x64
		{20705C89-F90E-4B10-827C-BA8A0B24E14F}.Ad-Hoc|x64.Deploy.0 = Release|x64
		{20705C89-F90E-4B10-827C-BA8A0B24E14F}.Ad-Hoc|x86.ActiveCfg = Release|x86
		{20705C89-F90E-4B10-827C-BA8A0B24E14F}.Ad-Hoc|x86.Build.0 = Release|x86
		{20705C89-F90E-4B10-827C-BA8A0B24E14F}.Ad-Hoc|x86.Deploy.0 = Release|x86
		{20705C89-F90E-4B10-827C-BA8A0B24E14F}.AppStore|Any CPU.ActiveCfg = Release|ARM64
		{20705C89-F90E-4B10-827C-BA8A0B24E14F}.AppStore|Any CPU.Build.0 = Release|ARM64
		{20705C89-F90E-4B10-827C-BA8A0B24E14F}.AppStore|Any CPU.Deploy.0 = Release|ARM64
		{20705C89-F90E-4B10-827C-BA8A0B24E14F}.AppStore|ARM.ActiveCfg = Release|ARM
		{20705C89-F90E-4B10-827C-BA8A0B24E14F}.AppStore|ARM.Build.0 = Release|ARM
		{20705C89-F90E-4B10-827C-BA8A0B24E14F}.AppStore|ARM.Deploy.0 = Release|ARM
		{20705C89-F90E-4B10-827C-BA8A0B24E14F}.AppStore|ARM64.ActiveCfg = Release|ARM64
		{20705C89-F90E-4B10-827C-BA8A0B24E14F}.AppStore|ARM64.Build.0 = Release|ARM64
		{20705C89-F90E-4B10-827C-BA8A0B24E14F}.AppStore|ARM64.Deploy.0 = Release|ARM64
		{20705C89-F90E-4B10-827C-BA8A0B24E14F}.AppStore|iPhone.ActiveCfg = Release|ARM64
		{20705C89-F90E-4B10-827C-BA8A0B24E14F}.AppStore|iPhone.Build.0 = Release|ARM64
		{20705C89-F90E-4B10-827C-BA8A0B24E14F}.AppStore|iPhone.Deploy.0 = Release|ARM64
		{20705C89-F90E-4B10-827C-BA8A0B24E14F}.AppStore|iPhoneSimulator.ActiveCfg = Release|ARM64
		{20705C89-F90E-4B10-827C-BA8A0B24E14F}.AppStore|iPhoneSimulator.Build.0 = Release|ARM64
		{20705C89-F90E-4B10-827C-BA8A0B24E14F}.AppStore|iPhoneSimulator.Deploy.0 = Release|ARM64
		{20705C89-F90E-4B10-827C-BA8A0B24E14F}.AppStore|x64.ActiveCfg = Release|x64
		{20705C89-F90E-4B10-827C-BA8A0B24E14F}.AppStore|x64.Build.0 = Release|x64
		{20705C89-F90E-4B10-827C-BA8A0B24E14F}.AppStore|x64.Deploy.0 = Release|x64
		{20705C89-F90E-4B10-827C-BA8A0B24E14F}.AppStore|x86.ActiveCfg = Release|x86
		{20705C89-F90E-4B10-827C-BA8A0B24E14F}.AppStore|x86.Build.0 = Release|x86
		{20705C89-F90E-4B10-827C-BA8A0B24E14F}.AppStore|x86.Deploy.0 = Release|x86
		{20705C89-F90E-4B10-827C-BA8A0B24E14F}.Debug|Any CPU.ActiveCfg = Debug|x86
		{20705C89-F90E-4B10-827C-BA8A0B24E14F}.Debug|ARM.ActiveCfg = Debug|ARM
		{20705C89-F90E-4B10-827C-BA8A0B24E14F}.Debug|ARM.Build.0 = Debug|ARM
		{20705C89-F90E-4B10-827C-BA8A0B24E14F}.Debug|ARM.Deploy.0 = Debug|ARM
		{20705C89-F90E-4B10-827C-BA8A0B24E14F}.Debug|ARM64.ActiveCfg = Debug|x86
		{20705C89-F90E-4B10-827C-BA8A0B24E14F}.Debug|iPhone.ActiveCfg = Debug|x86
		{20705C89-F90E-4B10-827C-BA8A0B24E14F}.Debug|iPhoneSimulator.ActiveCfg = Debug|x86
		{20705C89-F90E-4B10-827C-BA8A0B24E14F}.Debug|x64.ActiveCfg = Debug|x64
		{20705C89-F90E-4B10-827C-BA8A0B24E14F}.Debug|x64.Build.0 = Debug|x64
		{20705C89-F90E-4B10-827C-BA8A0B24E14F}.Debug|x64.Deploy.0 = Debug|x64
		{20705C89-F90E-4B10-827C-BA8A0B24E14F}.Debug|x86.ActiveCfg = Debug|x86
		{20705C89-F90E-4B10-827C-BA8A0B24E14F}.Debug|x86.Build.0 = Debug|x86
		{20705C89-F90E-4B10-827C-BA8A0B24E14F}.Debug|x86.Deploy.0 = Debug|x86
		{20705C89-F90E-4B10-827C-BA8A0B24E14F}.Release|Any CPU.ActiveCfg = Release|x86
		{20705C89-F90E-4B10-827C-BA8A0B24E14F}.Release|ARM.ActiveCfg = Release|ARM
		{20705C89-F90E-4B10-827C-BA8A0B24E14F}.Release|ARM.Build.0 = Release|ARM
		{20705C89-F90E-4B10-827C-BA8A0B24E14F}.Release|ARM.Deploy.0 = Release|ARM
		{20705C89-F90E-4B10-827C-BA8A0B24E14F}.Release|ARM64.ActiveCfg = Release|x86
		{20705C89-F90E-4B10-827C-BA8A0B24E14F}.Release|iPhone.ActiveCfg = Release|x86
		{20705C89-F90E-4B10-827C-BA8A0B24E14F}.Release|iPhoneSimulator.ActiveCfg = Release|x86
		{20705C89-F90E-4B10-827C-BA8A0B24E14F}.Release|x64.ActiveCfg = Release|x64
		{20705C89-F90E-4B10-827C-BA8A0B24E14F}.Release|x64.Build.0 = Release|x64
		{20705C89-F90E-4B10-827C-BA8A0B24E14F}.Release|x64.Deploy.0 = Release|x64
		{20705C89-F90E-4B10-827C-BA8A0B24E14F}.Release|x86.ActiveCfg = Release|x86
		{20705C89-F90E-4B10-827C-BA8A0B24E14F}.Release|x86.Build.0 = Release|x86
		{20705C89-F90E-4B10-827C-BA8A0B24E14F}.Release|x86.Deploy.0 = Release|x86
	EndGlobalSection
	GlobalSection(SolutionProperties) = preSolution
		HideSolutionNode = FALSE
	EndGlobalSection
	GlobalSection(ExtensibilityGlobals) = postSolution
		SolutionGuid = {5A4EAAD7-E1EC-4603-8AF3-063EAAC0E78B}
	EndGlobalSection
	GlobalSection(Performance) = preSolution
		HasPerformanceSessions = true
	EndGlobalSection
EndGlobal
