
Microsoft Visual Studio Solution File, Format Version 12.00
# Visual Studio 15
VisualStudioVersion = 15.0.27130.2036
MinimumVisualStudioVersion = 10.0.40219.1
Project("{FAE04EC0-301F-11D3-BF4B-00C04F79EFBC}") = "ShadowRunHelper.Win", "ShadowRunHelper.Win\ShadowRunHelper.Win.csproj", "{20705C89-F90E-4B10-827C-BA8A0B24E14F}"
EndProject
Project("{D954291E-2A0B-460D-934E-DC6B0785DB48}") = "SharedCodeBase", "SharedCodeBase\SharedCodeBase.shproj", "{0D90BEF9-68D7-4019-ABEC-0329274EB64D}"
EndProject
Project("{D954291E-2A0B-460D-934E-DC6B0785DB48}") = "TAPPLICATION", "..\TLIB\TAPPLICATION\TAPPLICATION.shproj", "{C43E2365-5678-4E72-A123-71383DE9B2DC}"
EndProject
Project("{FAE04EC0-301F-11D3-BF4B-00C04F79EFBC}") = "SharedCodeTestApp", "SharedCodeTestApp\SharedCodeTestApp.csproj", "{124813EF-D23D-4B11-A6B4-9D32A4A2E4A4}"
EndProject
Project("{FAE04EC0-301F-11D3-BF4B-00C04F79EFBC}") = "Experiments", "Experiments\Experiments.csproj", "{EE1CD771-54DD-4AF6-B0D7-F337DFD6A30D}"
EndProject
Project("{D954291E-2A0B-460D-934E-DC6B0785DB48}") = "TLIB", "..\TLIB\TLIB\TLIB.shproj", "{E3EB87FF-2421-48B9-BE86-A87E9CA0C533}"
EndProject
Project("{D954291E-2A0B-460D-934E-DC6B0785DB48}") = "TAMARIN", "..\TLIB\TAMARIN\TAMARIN.shproj", "{7C378B60-8107-4526-BCF0-8BEA273ACF88}"
EndProject
Global
	GlobalSection(SharedMSBuildProjectFiles) = preSolution
		SharedCodeBase\SharedCodeBase.projitems*{0d90bef9-68d7-4019-abec-0329274eb64d}*SharedItemsImports = 13
		SharedCodeBase\SharedCodeBase.projitems*{124813ef-d23d-4b11-a6b4-9d32a4a2e4a4}*SharedItemsImports = 4
		..\TLIB\TAMARIN\TAMARIN.projitems*{124813ef-d23d-4b11-a6b4-9d32a4a2e4a4}*SharedItemsImports = 4
		..\TLIB\TAPPLICATION\TAPPLICATION.projitems*{124813ef-d23d-4b11-a6b4-9d32a4a2e4a4}*SharedItemsImports = 4
		..\TLIB\TLIB\TLIB.projitems*{124813ef-d23d-4b11-a6b4-9d32a4a2e4a4}*SharedItemsImports = 4
		SharedCodeBase\SharedCodeBase.projitems*{20705c89-f90e-4b10-827c-ba8a0b24e14f}*SharedItemsImports = 4
		..\TLIB\TAMARIN\TAMARIN.projitems*{20705c89-f90e-4b10-827c-ba8a0b24e14f}*SharedItemsImports = 4
		..\TLIB\TAPPLICATION\TAPPLICATION.projitems*{20705c89-f90e-4b10-827c-ba8a0b24e14f}*SharedItemsImports = 4
		..\TLIB\TLIB\TLIB.projitems*{20705c89-f90e-4b10-827c-ba8a0b24e14f}*SharedItemsImports = 4
		..\TLIB\TAMARIN\TAMARIN.projitems*{7c378b60-8107-4526-bcf0-8bea273acf88}*SharedItemsImports = 13
		..\TLIB\TAPPLICATION\TAPPLICATION.projitems*{c43e2365-5678-4e72-a123-71383de9b2dc}*SharedItemsImports = 13
		..\TLIB\TLIB\TLIB.projitems*{e3eb87ff-2421-48b9-be86-a87e9ca0c533}*SharedItemsImports = 13
	EndGlobalSection
	GlobalSection(SolutionConfigurationPlatforms) = preSolution
		Debug|ARM = Debug|ARM
		Debug|x64 = Debug|x64
		Debug|x86 = Debug|x86
		Release|ARM = Release|ARM
		Release|x64 = Release|x64
		Release|x86 = Release|x86
	EndGlobalSection
	GlobalSection(ProjectConfigurationPlatforms) = postSolution
		{20705C89-F90E-4B10-827C-BA8A0B24E14F}.Debug|ARM.ActiveCfg = Debug|x64
		{20705C89-F90E-4B10-827C-BA8A0B24E14F}.Debug|ARM.Build.0 = Debug|x64
		{20705C89-F90E-4B10-827C-BA8A0B24E14F}.Debug|ARM.Deploy.0 = Debug|x64
		{20705C89-F90E-4B10-827C-BA8A0B24E14F}.Debug|x64.ActiveCfg = Debug|x86
		{20705C89-F90E-4B10-827C-BA8A0B24E14F}.Debug|x64.Build.0 = Debug|x86
		{20705C89-F90E-4B10-827C-BA8A0B24E14F}.Debug|x64.Deploy.0 = Debug|x86
		{20705C89-F90E-4B10-827C-BA8A0B24E14F}.Debug|x86.ActiveCfg = Debug|x86
		{20705C89-F90E-4B10-827C-BA8A0B24E14F}.Debug|x86.Build.0 = Debug|x86
		{20705C89-F90E-4B10-827C-BA8A0B24E14F}.Debug|x86.Deploy.0 = Debug|x86
		{20705C89-F90E-4B10-827C-BA8A0B24E14F}.Release|ARM.ActiveCfg = Release|ARM
		{20705C89-F90E-4B10-827C-BA8A0B24E14F}.Release|ARM.Build.0 = Release|ARM
		{20705C89-F90E-4B10-827C-BA8A0B24E14F}.Release|ARM.Deploy.0 = Release|ARM
		{20705C89-F90E-4B10-827C-BA8A0B24E14F}.Release|x64.ActiveCfg = Release|x64
		{20705C89-F90E-4B10-827C-BA8A0B24E14F}.Release|x64.Build.0 = Release|x64
		{20705C89-F90E-4B10-827C-BA8A0B24E14F}.Release|x64.Deploy.0 = Release|x64
		{20705C89-F90E-4B10-827C-BA8A0B24E14F}.Release|x86.ActiveCfg = Release|x86
		{20705C89-F90E-4B10-827C-BA8A0B24E14F}.Release|x86.Build.0 = Release|x86
		{20705C89-F90E-4B10-827C-BA8A0B24E14F}.Release|x86.Deploy.0 = Release|x86
		{124813EF-D23D-4B11-A6B4-9D32A4A2E4A4}.Debug|ARM.ActiveCfg = Debug|ARM
		{124813EF-D23D-4B11-A6B4-9D32A4A2E4A4}.Debug|ARM.Build.0 = Debug|ARM
		{124813EF-D23D-4B11-A6B4-9D32A4A2E4A4}.Debug|ARM.Deploy.0 = Debug|ARM
		{124813EF-D23D-4B11-A6B4-9D32A4A2E4A4}.Debug|x64.ActiveCfg = Debug|x64
		{124813EF-D23D-4B11-A6B4-9D32A4A2E4A4}.Debug|x64.Build.0 = Debug|x64
		{124813EF-D23D-4B11-A6B4-9D32A4A2E4A4}.Debug|x64.Deploy.0 = Debug|x64
		{124813EF-D23D-4B11-A6B4-9D32A4A2E4A4}.Debug|x86.ActiveCfg = Debug|x86
		{124813EF-D23D-4B11-A6B4-9D32A4A2E4A4}.Debug|x86.Build.0 = Debug|x86
		{124813EF-D23D-4B11-A6B4-9D32A4A2E4A4}.Debug|x86.Deploy.0 = Debug|x86
		{124813EF-D23D-4B11-A6B4-9D32A4A2E4A4}.Release|ARM.ActiveCfg = Release|ARM
		{124813EF-D23D-4B11-A6B4-9D32A4A2E4A4}.Release|ARM.Build.0 = Release|ARM
		{124813EF-D23D-4B11-A6B4-9D32A4A2E4A4}.Release|ARM.Deploy.0 = Release|ARM
		{124813EF-D23D-4B11-A6B4-9D32A4A2E4A4}.Release|x64.ActiveCfg = Release|x64
		{124813EF-D23D-4B11-A6B4-9D32A4A2E4A4}.Release|x64.Build.0 = Release|x64
		{124813EF-D23D-4B11-A6B4-9D32A4A2E4A4}.Release|x64.Deploy.0 = Release|x64
		{124813EF-D23D-4B11-A6B4-9D32A4A2E4A4}.Release|x86.ActiveCfg = Release|x86
		{124813EF-D23D-4B11-A6B4-9D32A4A2E4A4}.Release|x86.Build.0 = Release|x86
		{124813EF-D23D-4B11-A6B4-9D32A4A2E4A4}.Release|x86.Deploy.0 = Release|x86
		{EE1CD771-54DD-4AF6-B0D7-F337DFD6A30D}.Debug|ARM.ActiveCfg = Debug|ARM
		{EE1CD771-54DD-4AF6-B0D7-F337DFD6A30D}.Debug|ARM.Build.0 = Debug|ARM
		{EE1CD771-54DD-4AF6-B0D7-F337DFD6A30D}.Debug|ARM.Deploy.0 = Debug|ARM
		{EE1CD771-54DD-4AF6-B0D7-F337DFD6A30D}.Debug|x64.ActiveCfg = Debug|x64
		{EE1CD771-54DD-4AF6-B0D7-F337DFD6A30D}.Debug|x64.Build.0 = Debug|x64
		{EE1CD771-54DD-4AF6-B0D7-F337DFD6A30D}.Debug|x64.Deploy.0 = Debug|x64
		{EE1CD771-54DD-4AF6-B0D7-F337DFD6A30D}.Debug|x86.ActiveCfg = Debug|x86
		{EE1CD771-54DD-4AF6-B0D7-F337DFD6A30D}.Debug|x86.Build.0 = Debug|x86
		{EE1CD771-54DD-4AF6-B0D7-F337DFD6A30D}.Debug|x86.Deploy.0 = Debug|x86
		{EE1CD771-54DD-4AF6-B0D7-F337DFD6A30D}.Release|ARM.ActiveCfg = Release|ARM
		{EE1CD771-54DD-4AF6-B0D7-F337DFD6A30D}.Release|ARM.Build.0 = Release|ARM
		{EE1CD771-54DD-4AF6-B0D7-F337DFD6A30D}.Release|ARM.Deploy.0 = Release|ARM
		{EE1CD771-54DD-4AF6-B0D7-F337DFD6A30D}.Release|x64.ActiveCfg = Release|x64
		{EE1CD771-54DD-4AF6-B0D7-F337DFD6A30D}.Release|x64.Build.0 = Release|x64
		{EE1CD771-54DD-4AF6-B0D7-F337DFD6A30D}.Release|x64.Deploy.0 = Release|x64
		{EE1CD771-54DD-4AF6-B0D7-F337DFD6A30D}.Release|x86.ActiveCfg = Release|x86
		{EE1CD771-54DD-4AF6-B0D7-F337DFD6A30D}.Release|x86.Build.0 = Release|x86
		{EE1CD771-54DD-4AF6-B0D7-F337DFD6A30D}.Release|x86.Deploy.0 = Release|x86
	EndGlobalSection
	GlobalSection(SolutionProperties) = preSolution
		HideSolutionNode = FALSE
	EndGlobalSection
	GlobalSection(ExtensibilityGlobals) = postSolution
		SolutionGuid = {5A4EAAD7-E1EC-4603-8AF3-063EAAC0E78B}
	EndGlobalSection
	GlobalSection(Performance) = preSolution
		HasPerformanceSessions = true
	EndGlobalSection
EndGlobal
