
Microsoft Visual Studio Solution File, Format Version 12.00
# Visual Studio 15
VisualStudioVersion = 15.0.27130.2036
MinimumVisualStudioVersion = 10.0.40219.1
Project("{FAE04EC0-301F-11D3-BF4B-00C04F79EFBC}") = "ShadowRunHelper.Win", "ShadowRunHelper.Win\ShadowRunHelper.Win.csproj", "{20705C89-F90E-4B10-827C-BA8A0B24E14F}"
EndProject
Project("{D954291E-2A0B-460D-934E-DC6B0785DB48}") = "SharedCodeBase", "SharedCodeBase\SharedCodeBase.shproj", "{0D90BEF9-68D7-4019-ABEC-0329274EB64D}"
EndProject
Project("{FAE04EC0-301F-11D3-BF4B-00C04F79EFBC}") = "ShadowRunHelper.Xam.Android", "ShadowRunHelper.Xam\ShadowRunHelper.Xam.Android\ShadowRunHelper.Xam.Android.csproj", "{EECAFA70-03B8-4F5D-9A22-91ADDF0BFDE2}"
EndProject
Project("{FAE04EC0-301F-11D3-BF4B-00C04F79EFBC}") = "ShadowRunHelper.Xam", "ShadowRunHelper.Xam\ShadowRunHelper.Xam\ShadowRunHelper.Xam.csproj", "{8B30A289-4E14-43D5-94BB-3D41A444D507}"
EndProject
Project("{FAE04EC0-301F-11D3-BF4B-00C04F79EFBC}") = "ShadowRunHelper.Xam.UWP", "ShadowRunHelper.Xam\ShadowRunHelper.Xam.UWP\ShadowRunHelper.Xam.UWP.csproj", "{CABB1E9E-2ABB-4B0D-9F72-56DB2DECC121}"
EndProject
Project("{FAE04EC0-301F-11D3-BF4B-00C04F79EFBC}") = "ShadowRunHelper.Xam.iOS", "ShadowRunHelper.Xam\ShadowRunHelper.Xam.iOS\ShadowRunHelper.Xam.iOS.csproj", "{813D43B1-9792-46E1-A32F-35BB9FB01F7D}"
EndProject
Project("{D954291E-2A0B-460D-934E-DC6B0785DB48}") = "TLIB_UWPFRAME", "..\TLIB\TLIB_UWPFRAME\TLIB_UWPFRAME.shproj", "{C43E2365-5678-4E72-A123-71383DE9B2DC}"
EndProject
Project("{FAE04EC0-301F-11D3-BF4B-00C04F79EFBC}") = "SharedCodeTestApp", "SharedCodeTestApp\SharedCodeTestApp.csproj", "{124813EF-D23D-4B11-A6B4-9D32A4A2E4A4}"
EndProject
Global
	GlobalSection(SharedMSBuildProjectFiles) = preSolution
		SharedCodeBase\SharedCodeBase.projitems*{0d90bef9-68d7-4019-abec-0329274eb64d}*SharedItemsImports = 13
		SharedCodeBase\SharedCodeBase.projitems*{124813ef-d23d-4b11-a6b4-9d32a4a2e4a4}*SharedItemsImports = 4
		..\TLIB\TLIB_UWPFRAME\TLIB_UWPFRAME.projitems*{124813ef-d23d-4b11-a6b4-9d32a4a2e4a4}*SharedItemsImports = 4
		SharedCodeBase\SharedCodeBase.projitems*{20705c89-f90e-4b10-827c-ba8a0b24e14f}*SharedItemsImports = 4
		..\TLIB\TLIB_UWPFRAME\TLIB_UWPFRAME.projitems*{20705c89-f90e-4b10-827c-ba8a0b24e14f}*SharedItemsImports = 4
		..\TLIB\TLIB_UWPFRAME\TLIB_UWPFRAME.projitems*{c43e2365-5678-4e72-a123-71383de9b2dc}*SharedItemsImports = 13
	EndGlobalSection
	GlobalSection(SolutionConfigurationPlatforms) = preSolution
		Ad-Hoc|Any CPU = Ad-Hoc|Any CPU
		Ad-Hoc|ARM = Ad-Hoc|ARM
		Ad-Hoc|iPhone = Ad-Hoc|iPhone
		Ad-Hoc|iPhoneSimulator = Ad-Hoc|iPhoneSimulator
		Ad-Hoc|Mixed Platforms = Ad-Hoc|Mixed Platforms
		Ad-Hoc|x64 = Ad-Hoc|x64
		Ad-Hoc|x86 = Ad-Hoc|x86
		AppStore|Any CPU = AppStore|Any CPU
		AppStore|ARM = AppStore|ARM
		AppStore|iPhone = AppStore|iPhone
		AppStore|iPhoneSimulator = AppStore|iPhoneSimulator
		AppStore|Mixed Platforms = AppStore|Mixed Platforms
		AppStore|x64 = AppStore|x64
		AppStore|x86 = AppStore|x86
		Debug|Any CPU = Debug|Any CPU
		Debug|ARM = Debug|ARM
		Debug|iPhone = Debug|iPhone
		Debug|iPhoneSimulator = Debug|iPhoneSimulator
		Debug|Mixed Platforms = Debug|Mixed Platforms
		Debug|x64 = Debug|x64
		Debug|x86 = Debug|x86
		Release|Any CPU = Release|Any CPU
		Release|ARM = Release|ARM
		Release|iPhone = Release|iPhone
		Release|iPhoneSimulator = Release|iPhoneSimulator
		Release|Mixed Platforms = Release|Mixed Platforms
		Release|x64 = Release|x64
		Release|x86 = Release|x86
	EndGlobalSection
	GlobalSection(ProjectConfigurationPlatforms) = postSolution
		{20705C89-F90E-4B10-827C-BA8A0B24E14F}.Ad-Hoc|Any CPU.ActiveCfg = Release|x86
		{20705C89-F90E-4B10-827C-BA8A0B24E14F}.Ad-Hoc|Any CPU.Build.0 = Release|x86
		{20705C89-F90E-4B10-827C-BA8A0B24E14F}.Ad-Hoc|Any CPU.Deploy.0 = Release|x86
		{20705C89-F90E-4B10-827C-BA8A0B24E14F}.Ad-Hoc|ARM.ActiveCfg = Release|ARM
		{20705C89-F90E-4B10-827C-BA8A0B24E14F}.Ad-Hoc|ARM.Build.0 = Release|ARM
		{20705C89-F90E-4B10-827C-BA8A0B24E14F}.Ad-Hoc|ARM.Deploy.0 = Release|ARM
		{20705C89-F90E-4B10-827C-BA8A0B24E14F}.Ad-Hoc|iPhone.ActiveCfg = Release|x86
		{20705C89-F90E-4B10-827C-BA8A0B24E14F}.Ad-Hoc|iPhone.Build.0 = Release|x86
		{20705C89-F90E-4B10-827C-BA8A0B24E14F}.Ad-Hoc|iPhone.Deploy.0 = Release|x86
		{20705C89-F90E-4B10-827C-BA8A0B24E14F}.Ad-Hoc|iPhoneSimulator.ActiveCfg = Release|x86
		{20705C89-F90E-4B10-827C-BA8A0B24E14F}.Ad-Hoc|iPhoneSimulator.Build.0 = Release|x86
		{20705C89-F90E-4B10-827C-BA8A0B24E14F}.Ad-Hoc|iPhoneSimulator.Deploy.0 = Release|x86
		{20705C89-F90E-4B10-827C-BA8A0B24E14F}.Ad-Hoc|Mixed Platforms.ActiveCfg = Debug|x86
		{20705C89-F90E-4B10-827C-BA8A0B24E14F}.Ad-Hoc|Mixed Platforms.Build.0 = Debug|x86
		{20705C89-F90E-4B10-827C-BA8A0B24E14F}.Ad-Hoc|Mixed Platforms.Deploy.0 = Debug|x86
		{20705C89-F90E-4B10-827C-BA8A0B24E14F}.Ad-Hoc|x64.ActiveCfg = Release|x64
		{20705C89-F90E-4B10-827C-BA8A0B24E14F}.Ad-Hoc|x64.Build.0 = Release|x64
		{20705C89-F90E-4B10-827C-BA8A0B24E14F}.Ad-Hoc|x64.Deploy.0 = Release|x64
		{20705C89-F90E-4B10-827C-BA8A0B24E14F}.Ad-Hoc|x86.ActiveCfg = Release|x86
		{20705C89-F90E-4B10-827C-BA8A0B24E14F}.Ad-Hoc|x86.Build.0 = Release|x86
		{20705C89-F90E-4B10-827C-BA8A0B24E14F}.Ad-Hoc|x86.Deploy.0 = Release|x86
		{20705C89-F90E-4B10-827C-BA8A0B24E14F}.AppStore|Any CPU.ActiveCfg = Release|x86
		{20705C89-F90E-4B10-827C-BA8A0B24E14F}.AppStore|Any CPU.Build.0 = Release|x86
		{20705C89-F90E-4B10-827C-BA8A0B24E14F}.AppStore|Any CPU.Deploy.0 = Release|x86
		{20705C89-F90E-4B10-827C-BA8A0B24E14F}.AppStore|ARM.ActiveCfg = Release|ARM
		{20705C89-F90E-4B10-827C-BA8A0B24E14F}.AppStore|ARM.Build.0 = Release|ARM
		{20705C89-F90E-4B10-827C-BA8A0B24E14F}.AppStore|ARM.Deploy.0 = Release|ARM
		{20705C89-F90E-4B10-827C-BA8A0B24E14F}.AppStore|iPhone.ActiveCfg = Release|x86
		{20705C89-F90E-4B10-827C-BA8A0B24E14F}.AppStore|iPhone.Build.0 = Release|x86
		{20705C89-F90E-4B10-827C-BA8A0B24E14F}.AppStore|iPhone.Deploy.0 = Release|x86
		{20705C89-F90E-4B10-827C-BA8A0B24E14F}.AppStore|iPhoneSimulator.ActiveCfg = Release|x86
		{20705C89-F90E-4B10-827C-BA8A0B24E14F}.AppStore|iPhoneSimulator.Build.0 = Release|x86
		{20705C89-F90E-4B10-827C-BA8A0B24E14F}.AppStore|iPhoneSimulator.Deploy.0 = Release|x86
		{20705C89-F90E-4B10-827C-BA8A0B24E14F}.AppStore|Mixed Platforms.ActiveCfg = Debug|x86
		{20705C89-F90E-4B10-827C-BA8A0B24E14F}.AppStore|Mixed Platforms.Build.0 = Debug|x86
		{20705C89-F90E-4B10-827C-BA8A0B24E14F}.AppStore|Mixed Platforms.Deploy.0 = Debug|x86
		{20705C89-F90E-4B10-827C-BA8A0B24E14F}.AppStore|x64.ActiveCfg = Release|x64
		{20705C89-F90E-4B10-827C-BA8A0B24E14F}.AppStore|x64.Build.0 = Release|x64
		{20705C89-F90E-4B10-827C-BA8A0B24E14F}.AppStore|x64.Deploy.0 = Release|x64
		{20705C89-F90E-4B10-827C-BA8A0B24E14F}.AppStore|x86.ActiveCfg = Release|x86
		{20705C89-F90E-4B10-827C-BA8A0B24E14F}.AppStore|x86.Build.0 = Release|x86
		{20705C89-F90E-4B10-827C-BA8A0B24E14F}.AppStore|x86.Deploy.0 = Release|x86
		{20705C89-F90E-4B10-827C-BA8A0B24E14F}.Debug|Any CPU.ActiveCfg = Debug|x64
		{20705C89-F90E-4B10-827C-BA8A0B24E14F}.Debug|Any CPU.Build.0 = Debug|x64
		{20705C89-F90E-4B10-827C-BA8A0B24E14F}.Debug|Any CPU.Deploy.0 = Debug|x64
		{20705C89-F90E-4B10-827C-BA8A0B24E14F}.Debug|ARM.ActiveCfg = Debug|ARM
		{20705C89-F90E-4B10-827C-BA8A0B24E14F}.Debug|ARM.Build.0 = Debug|ARM
		{20705C89-F90E-4B10-827C-BA8A0B24E14F}.Debug|ARM.Deploy.0 = Debug|ARM
		{20705C89-F90E-4B10-827C-BA8A0B24E14F}.Debug|iPhone.ActiveCfg = Debug|x86
		{20705C89-F90E-4B10-827C-BA8A0B24E14F}.Debug|iPhoneSimulator.ActiveCfg = Debug|x86
		{20705C89-F90E-4B10-827C-BA8A0B24E14F}.Debug|Mixed Platforms.ActiveCfg = Debug|x86
		{20705C89-F90E-4B10-827C-BA8A0B24E14F}.Debug|Mixed Platforms.Build.0 = Debug|x86
		{20705C89-F90E-4B10-827C-BA8A0B24E14F}.Debug|Mixed Platforms.Deploy.0 = Debug|x86
		{20705C89-F90E-4B10-827C-BA8A0B24E14F}.Debug|x64.ActiveCfg = Debug|x64
		{20705C89-F90E-4B10-827C-BA8A0B24E14F}.Debug|x64.Build.0 = Debug|x64
		{20705C89-F90E-4B10-827C-BA8A0B24E14F}.Debug|x64.Deploy.0 = Debug|x64
		{20705C89-F90E-4B10-827C-BA8A0B24E14F}.Debug|x86.ActiveCfg = Debug|x86
		{20705C89-F90E-4B10-827C-BA8A0B24E14F}.Debug|x86.Build.0 = Debug|x86
		{20705C89-F90E-4B10-827C-BA8A0B24E14F}.Debug|x86.Deploy.0 = Debug|x86
		{20705C89-F90E-4B10-827C-BA8A0B24E14F}.Release|Any CPU.ActiveCfg = Release|x86
		{20705C89-F90E-4B10-827C-BA8A0B24E14F}.Release|ARM.ActiveCfg = Release|ARM
		{20705C89-F90E-4B10-827C-BA8A0B24E14F}.Release|ARM.Build.0 = Release|ARM
		{20705C89-F90E-4B10-827C-BA8A0B24E14F}.Release|ARM.Deploy.0 = Release|ARM
		{20705C89-F90E-4B10-827C-BA8A0B24E14F}.Release|iPhone.ActiveCfg = Release|x86
		{20705C89-F90E-4B10-827C-BA8A0B24E14F}.Release|iPhoneSimulator.ActiveCfg = Release|x86
		{20705C89-F90E-4B10-827C-BA8A0B24E14F}.Release|Mixed Platforms.ActiveCfg = Release|x86
		{20705C89-F90E-4B10-827C-BA8A0B24E14F}.Release|Mixed Platforms.Build.0 = Release|x86
		{20705C89-F90E-4B10-827C-BA8A0B24E14F}.Release|Mixed Platforms.Deploy.0 = Release|x86
		{20705C89-F90E-4B10-827C-BA8A0B24E14F}.Release|x64.ActiveCfg = Release|x64
		{20705C89-F90E-4B10-827C-BA8A0B24E14F}.Release|x64.Build.0 = Release|x64
		{20705C89-F90E-4B10-827C-BA8A0B24E14F}.Release|x64.Deploy.0 = Release|x64
		{20705C89-F90E-4B10-827C-BA8A0B24E14F}.Release|x86.ActiveCfg = Release|x86
		{20705C89-F90E-4B10-827C-BA8A0B24E14F}.Release|x86.Build.0 = Release|x86
		{20705C89-F90E-4B10-827C-BA8A0B24E14F}.Release|x86.Deploy.0 = Release|x86
		{EECAFA70-03B8-4F5D-9A22-91ADDF0BFDE2}.Ad-Hoc|Any CPU.ActiveCfg = Release|Any CPU
		{EECAFA70-03B8-4F5D-9A22-91ADDF0BFDE2}.Ad-Hoc|Any CPU.Build.0 = Release|Any CPU
		{EECAFA70-03B8-4F5D-9A22-91ADDF0BFDE2}.Ad-Hoc|Any CPU.Deploy.0 = Release|Any CPU
		{EECAFA70-03B8-4F5D-9A22-91ADDF0BFDE2}.Ad-Hoc|ARM.ActiveCfg = Release|Any CPU
		{EECAFA70-03B8-4F5D-9A22-91ADDF0BFDE2}.Ad-Hoc|ARM.Build.0 = Release|Any CPU
		{EECAFA70-03B8-4F5D-9A22-91ADDF0BFDE2}.Ad-Hoc|ARM.Deploy.0 = Release|Any CPU
		{EECAFA70-03B8-4F5D-9A22-91ADDF0BFDE2}.Ad-Hoc|iPhone.ActiveCfg = Release|Any CPU
		{EECAFA70-03B8-4F5D-9A22-91ADDF0BFDE2}.Ad-Hoc|iPhone.Build.0 = Release|Any CPU
		{EECAFA70-03B8-4F5D-9A22-91ADDF0BFDE2}.Ad-Hoc|iPhone.Deploy.0 = Release|Any CPU
		{EECAFA70-03B8-4F5D-9A22-91ADDF0BFDE2}.Ad-Hoc|iPhoneSimulator.ActiveCfg = Release|Any CPU
		{EECAFA70-03B8-4F5D-9A22-91ADDF0BFDE2}.Ad-Hoc|iPhoneSimulator.Build.0 = Release|Any CPU
		{EECAFA70-03B8-4F5D-9A22-91ADDF0BFDE2}.Ad-Hoc|iPhoneSimulator.Deploy.0 = Release|Any CPU
		{EECAFA70-03B8-4F5D-9A22-91ADDF0BFDE2}.Ad-Hoc|Mixed Platforms.ActiveCfg = Debug|Any CPU
		{EECAFA70-03B8-4F5D-9A22-91ADDF0BFDE2}.Ad-Hoc|x64.ActiveCfg = Release|Any CPU
		{EECAFA70-03B8-4F5D-9A22-91ADDF0BFDE2}.Ad-Hoc|x64.Build.0 = Release|Any CPU
		{EECAFA70-03B8-4F5D-9A22-91ADDF0BFDE2}.Ad-Hoc|x64.Deploy.0 = Release|Any CPU
		{EECAFA70-03B8-4F5D-9A22-91ADDF0BFDE2}.Ad-Hoc|x86.ActiveCfg = Release|Any CPU
		{EECAFA70-03B8-4F5D-9A22-91ADDF0BFDE2}.Ad-Hoc|x86.Build.0 = Release|Any CPU
		{EECAFA70-03B8-4F5D-9A22-91ADDF0BFDE2}.Ad-Hoc|x86.Deploy.0 = Release|Any CPU
		{EECAFA70-03B8-4F5D-9A22-91ADDF0BFDE2}.AppStore|Any CPU.ActiveCfg = Release|Any CPU
		{EECAFA70-03B8-4F5D-9A22-91ADDF0BFDE2}.AppStore|Any CPU.Build.0 = Release|Any CPU
		{EECAFA70-03B8-4F5D-9A22-91ADDF0BFDE2}.AppStore|Any CPU.Deploy.0 = Release|Any CPU
		{EECAFA70-03B8-4F5D-9A22-91ADDF0BFDE2}.AppStore|ARM.ActiveCfg = Release|Any CPU
		{EECAFA70-03B8-4F5D-9A22-91ADDF0BFDE2}.AppStore|ARM.Build.0 = Release|Any CPU
		{EECAFA70-03B8-4F5D-9A22-91ADDF0BFDE2}.AppStore|ARM.Deploy.0 = Release|Any CPU
		{EECAFA70-03B8-4F5D-9A22-91ADDF0BFDE2}.AppStore|iPhone.ActiveCfg = Release|Any CPU
		{EECAFA70-03B8-4F5D-9A22-91ADDF0BFDE2}.AppStore|iPhone.Build.0 = Release|Any CPU
		{EECAFA70-03B8-4F5D-9A22-91ADDF0BFDE2}.AppStore|iPhone.Deploy.0 = Release|Any CPU
		{EECAFA70-03B8-4F5D-9A22-91ADDF0BFDE2}.AppStore|iPhoneSimulator.ActiveCfg = Release|Any CPU
		{EECAFA70-03B8-4F5D-9A22-91ADDF0BFDE2}.AppStore|iPhoneSimulator.Build.0 = Release|Any CPU
		{EECAFA70-03B8-4F5D-9A22-91ADDF0BFDE2}.AppStore|iPhoneSimulator.Deploy.0 = Release|Any CPU
		{EECAFA70-03B8-4F5D-9A22-91ADDF0BFDE2}.AppStore|Mixed Platforms.ActiveCfg = Debug|Any CPU
		{EECAFA70-03B8-4F5D-9A22-91ADDF0BFDE2}.AppStore|x64.ActiveCfg = Release|Any CPU
		{EECAFA70-03B8-4F5D-9A22-91ADDF0BFDE2}.AppStore|x64.Build.0 = Release|Any CPU
		{EECAFA70-03B8-4F5D-9A22-91ADDF0BFDE2}.AppStore|x64.Deploy.0 = Release|Any CPU
		{EECAFA70-03B8-4F5D-9A22-91ADDF0BFDE2}.AppStore|x86.ActiveCfg = Release|Any CPU
		{EECAFA70-03B8-4F5D-9A22-91ADDF0BFDE2}.AppStore|x86.Build.0 = Release|Any CPU
		{EECAFA70-03B8-4F5D-9A22-91ADDF0BFDE2}.AppStore|x86.Deploy.0 = Release|Any CPU
		{EECAFA70-03B8-4F5D-9A22-91ADDF0BFDE2}.Debug|Any CPU.ActiveCfg = Debug|Any CPU
		{EECAFA70-03B8-4F5D-9A22-91ADDF0BFDE2}.Debug|Any CPU.Build.0 = Debug|Any CPU
		{EECAFA70-03B8-4F5D-9A22-91ADDF0BFDE2}.Debug|Any CPU.Deploy.0 = Debug|Any CPU
		{EECAFA70-03B8-4F5D-9A22-91ADDF0BFDE2}.Debug|ARM.ActiveCfg = Debug|Any CPU
		{EECAFA70-03B8-4F5D-9A22-91ADDF0BFDE2}.Debug|ARM.Build.0 = Debug|Any CPU
		{EECAFA70-03B8-4F5D-9A22-91ADDF0BFDE2}.Debug|ARM.Deploy.0 = Debug|Any CPU
		{EECAFA70-03B8-4F5D-9A22-91ADDF0BFDE2}.Debug|iPhone.ActiveCfg = Debug|Any CPU
		{EECAFA70-03B8-4F5D-9A22-91ADDF0BFDE2}.Debug|iPhone.Build.0 = Debug|Any CPU
		{EECAFA70-03B8-4F5D-9A22-91ADDF0BFDE2}.Debug|iPhone.Deploy.0 = Debug|Any CPU
		{EECAFA70-03B8-4F5D-9A22-91ADDF0BFDE2}.Debug|iPhoneSimulator.ActiveCfg = Debug|Any CPU
		{EECAFA70-03B8-4F5D-9A22-91ADDF0BFDE2}.Debug|iPhoneSimulator.Build.0 = Debug|Any CPU
		{EECAFA70-03B8-4F5D-9A22-91ADDF0BFDE2}.Debug|iPhoneSimulator.Deploy.0 = Debug|Any CPU
		{EECAFA70-03B8-4F5D-9A22-91ADDF0BFDE2}.Debug|Mixed Platforms.ActiveCfg = Debug|Any CPU
		{EECAFA70-03B8-4F5D-9A22-91ADDF0BFDE2}.Debug|x64.ActiveCfg = Debug|Any CPU
		{EECAFA70-03B8-4F5D-9A22-91ADDF0BFDE2}.Debug|x86.ActiveCfg = Debug|Any CPU
		{EECAFA70-03B8-4F5D-9A22-91ADDF0BFDE2}.Debug|x86.Build.0 = Debug|Any CPU
		{EECAFA70-03B8-4F5D-9A22-91ADDF0BFDE2}.Debug|x86.Deploy.0 = Debug|Any CPU
		{EECAFA70-03B8-4F5D-9A22-91ADDF0BFDE2}.Release|Any CPU.ActiveCfg = Release|Any CPU
		{EECAFA70-03B8-4F5D-9A22-91ADDF0BFDE2}.Release|Any CPU.Build.0 = Release|Any CPU
		{EECAFA70-03B8-4F5D-9A22-91ADDF0BFDE2}.Release|Any CPU.Deploy.0 = Release|Any CPU
		{EECAFA70-03B8-4F5D-9A22-91ADDF0BFDE2}.Release|ARM.ActiveCfg = Release|Any CPU
		{EECAFA70-03B8-4F5D-9A22-91ADDF0BFDE2}.Release|ARM.Build.0 = Release|Any CPU
		{EECAFA70-03B8-4F5D-9A22-91ADDF0BFDE2}.Release|ARM.Deploy.0 = Release|Any CPU
		{EECAFA70-03B8-4F5D-9A22-91ADDF0BFDE2}.Release|iPhone.ActiveCfg = Release|Any CPU
		{EECAFA70-03B8-4F5D-9A22-91ADDF0BFDE2}.Release|iPhone.Build.0 = Release|Any CPU
		{EECAFA70-03B8-4F5D-9A22-91ADDF0BFDE2}.Release|iPhone.Deploy.0 = Release|Any CPU
		{EECAFA70-03B8-4F5D-9A22-91ADDF0BFDE2}.Release|iPhoneSimulator.ActiveCfg = Release|Any CPU
		{EECAFA70-03B8-4F5D-9A22-91ADDF0BFDE2}.Release|iPhoneSimulator.Build.0 = Release|Any CPU
		{EECAFA70-03B8-4F5D-9A22-91ADDF0BFDE2}.Release|iPhoneSimulator.Deploy.0 = Release|Any CPU
		{EECAFA70-03B8-4F5D-9A22-91ADDF0BFDE2}.Release|Mixed Platforms.ActiveCfg = Release|Any CPU
		{EECAFA70-03B8-4F5D-9A22-91ADDF0BFDE2}.Release|x64.ActiveCfg = Release|Any CPU
		{EECAFA70-03B8-4F5D-9A22-91ADDF0BFDE2}.Release|x64.Build.0 = Release|Any CPU
		{EECAFA70-03B8-4F5D-9A22-91ADDF0BFDE2}.Release|x64.Deploy.0 = Release|Any CPU
		{EECAFA70-03B8-4F5D-9A22-91ADDF0BFDE2}.Release|x86.ActiveCfg = Release|Any CPU
		{EECAFA70-03B8-4F5D-9A22-91ADDF0BFDE2}.Release|x86.Build.0 = Release|Any CPU
		{EECAFA70-03B8-4F5D-9A22-91ADDF0BFDE2}.Release|x86.Deploy.0 = Release|Any CPU
		{8B30A289-4E14-43D5-94BB-3D41A444D507}.Ad-Hoc|Any CPU.ActiveCfg = Release|Any CPU
		{8B30A289-4E14-43D5-94BB-3D41A444D507}.Ad-Hoc|Any CPU.Build.0 = Release|Any CPU
		{8B30A289-4E14-43D5-94BB-3D41A444D507}.Ad-Hoc|ARM.ActiveCfg = Release|Any CPU
		{8B30A289-4E14-43D5-94BB-3D41A444D507}.Ad-Hoc|ARM.Build.0 = Release|Any CPU
		{8B30A289-4E14-43D5-94BB-3D41A444D507}.Ad-Hoc|iPhone.ActiveCfg = Release|Any CPU
		{8B30A289-4E14-43D5-94BB-3D41A444D507}.Ad-Hoc|iPhone.Build.0 = Release|Any CPU
		{8B30A289-4E14-43D5-94BB-3D41A444D507}.Ad-Hoc|iPhoneSimulator.ActiveCfg = Release|Any CPU
		{8B30A289-4E14-43D5-94BB-3D41A444D507}.Ad-Hoc|iPhoneSimulator.Build.0 = Release|Any CPU
		{8B30A289-4E14-43D5-94BB-3D41A444D507}.Ad-Hoc|Mixed Platforms.ActiveCfg = Debug|Any CPU
		{8B30A289-4E14-43D5-94BB-3D41A444D507}.Ad-Hoc|x64.ActiveCfg = Release|Any CPU
		{8B30A289-4E14-43D5-94BB-3D41A444D507}.Ad-Hoc|x64.Build.0 = Release|Any CPU
		{8B30A289-4E14-43D5-94BB-3D41A444D507}.Ad-Hoc|x86.ActiveCfg = Release|Any CPU
		{8B30A289-4E14-43D5-94BB-3D41A444D507}.Ad-Hoc|x86.Build.0 = Release|Any CPU
		{8B30A289-4E14-43D5-94BB-3D41A444D507}.AppStore|Any CPU.ActiveCfg = Release|Any CPU
		{8B30A289-4E14-43D5-94BB-3D41A444D507}.AppStore|Any CPU.Build.0 = Release|Any CPU
		{8B30A289-4E14-43D5-94BB-3D41A444D507}.AppStore|ARM.ActiveCfg = Release|Any CPU
		{8B30A289-4E14-43D5-94BB-3D41A444D507}.AppStore|ARM.Build.0 = Release|Any CPU
		{8B30A289-4E14-43D5-94BB-3D41A444D507}.AppStore|iPhone.ActiveCfg = Release|Any CPU
		{8B30A289-4E14-43D5-94BB-3D41A444D507}.AppStore|iPhone.Build.0 = Release|Any CPU
		{8B30A289-4E14-43D5-94BB-3D41A444D507}.AppStore|iPhoneSimulator.ActiveCfg = Release|Any CPU
		{8B30A289-4E14-43D5-94BB-3D41A444D507}.AppStore|iPhoneSimulator.Build.0 = Release|Any CPU
		{8B30A289-4E14-43D5-94BB-3D41A444D507}.AppStore|Mixed Platforms.ActiveCfg = Debug|Any CPU
		{8B30A289-4E14-43D5-94BB-3D41A444D507}.AppStore|x64.ActiveCfg = Release|Any CPU
		{8B30A289-4E14-43D5-94BB-3D41A444D507}.AppStore|x64.Build.0 = Release|Any CPU
		{8B30A289-4E14-43D5-94BB-3D41A444D507}.AppStore|x86.ActiveCfg = Release|Any CPU
		{8B30A289-4E14-43D5-94BB-3D41A444D507}.AppStore|x86.Build.0 = Release|Any CPU
		{8B30A289-4E14-43D5-94BB-3D41A444D507}.Debug|Any CPU.ActiveCfg = Debug|Any CPU
		{8B30A289-4E14-43D5-94BB-3D41A444D507}.Debug|Any CPU.Build.0 = Debug|Any CPU
		{8B30A289-4E14-43D5-94BB-3D41A444D507}.Debug|ARM.ActiveCfg = Debug|Any CPU
		{8B30A289-4E14-43D5-94BB-3D41A444D507}.Debug|ARM.Build.0 = Debug|Any CPU
		{8B30A289-4E14-43D5-94BB-3D41A444D507}.Debug|iPhone.ActiveCfg = Debug|Any CPU
		{8B30A289-4E14-43D5-94BB-3D41A444D507}.Debug|iPhone.Build.0 = Debug|Any CPU
		{8B30A289-4E14-43D5-94BB-3D41A444D507}.Debug|iPhoneSimulator.ActiveCfg = Debug|Any CPU
		{8B30A289-4E14-43D5-94BB-3D41A444D507}.Debug|iPhoneSimulator.Build.0 = Debug|Any CPU
		{8B30A289-4E14-43D5-94BB-3D41A444D507}.Debug|Mixed Platforms.ActiveCfg = Debug|Any CPU
		{8B30A289-4E14-43D5-94BB-3D41A444D507}.Debug|x64.ActiveCfg = Debug|Any CPU
		{8B30A289-4E14-43D5-94BB-3D41A444D507}.Debug|x86.ActiveCfg = Debug|Any CPU
		{8B30A289-4E14-43D5-94BB-3D41A444D507}.Debug|x86.Build.0 = Debug|Any CPU
		{8B30A289-4E14-43D5-94BB-3D41A444D507}.Release|Any CPU.ActiveCfg = Release|Any CPU
		{8B30A289-4E14-43D5-94BB-3D41A444D507}.Release|Any CPU.Build.0 = Release|Any CPU
		{8B30A289-4E14-43D5-94BB-3D41A444D507}.Release|ARM.ActiveCfg = Release|Any CPU
		{8B30A289-4E14-43D5-94BB-3D41A444D507}.Release|ARM.Build.0 = Release|Any CPU
		{8B30A289-4E14-43D5-94BB-3D41A444D507}.Release|iPhone.ActiveCfg = Release|Any CPU
		{8B30A289-4E14-43D5-94BB-3D41A444D507}.Release|iPhone.Build.0 = Release|Any CPU
		{8B30A289-4E14-43D5-94BB-3D41A444D507}.Release|iPhoneSimulator.ActiveCfg = Release|Any CPU
		{8B30A289-4E14-43D5-94BB-3D41A444D507}.Release|iPhoneSimulator.Build.0 = Release|Any CPU
		{8B30A289-4E14-43D5-94BB-3D41A444D507}.Release|Mixed Platforms.ActiveCfg = Release|Any CPU
		{8B30A289-4E14-43D5-94BB-3D41A444D507}.Release|x64.ActiveCfg = Release|Any CPU
		{8B30A289-4E14-43D5-94BB-3D41A444D507}.Release|x64.Build.0 = Release|Any CPU
		{8B30A289-4E14-43D5-94BB-3D41A444D507}.Release|x86.ActiveCfg = Release|Any CPU
		{8B30A289-4E14-43D5-94BB-3D41A444D507}.Release|x86.Build.0 = Release|Any CPU
		{CABB1E9E-2ABB-4B0D-9F72-56DB2DECC121}.Ad-Hoc|Any CPU.ActiveCfg = Release|x86
		{CABB1E9E-2ABB-4B0D-9F72-56DB2DECC121}.Ad-Hoc|Any CPU.Build.0 = Release|x86
		{CABB1E9E-2ABB-4B0D-9F72-56DB2DECC121}.Ad-Hoc|Any CPU.Deploy.0 = Release|x86
		{CABB1E9E-2ABB-4B0D-9F72-56DB2DECC121}.Ad-Hoc|ARM.ActiveCfg = Release|ARM
		{CABB1E9E-2ABB-4B0D-9F72-56DB2DECC121}.Ad-Hoc|ARM.Build.0 = Release|ARM
		{CABB1E9E-2ABB-4B0D-9F72-56DB2DECC121}.Ad-Hoc|ARM.Deploy.0 = Release|ARM
		{CABB1E9E-2ABB-4B0D-9F72-56DB2DECC121}.Ad-Hoc|iPhone.ActiveCfg = Release|x86
		{CABB1E9E-2ABB-4B0D-9F72-56DB2DECC121}.Ad-Hoc|iPhone.Build.0 = Release|x86
		{CABB1E9E-2ABB-4B0D-9F72-56DB2DECC121}.Ad-Hoc|iPhone.Deploy.0 = Release|x86
		{CABB1E9E-2ABB-4B0D-9F72-56DB2DECC121}.Ad-Hoc|iPhoneSimulator.ActiveCfg = Release|x86
		{CABB1E9E-2ABB-4B0D-9F72-56DB2DECC121}.Ad-Hoc|iPhoneSimulator.Build.0 = Release|x86
		{CABB1E9E-2ABB-4B0D-9F72-56DB2DECC121}.Ad-Hoc|iPhoneSimulator.Deploy.0 = Release|x86
		{CABB1E9E-2ABB-4B0D-9F72-56DB2DECC121}.Ad-Hoc|Mixed Platforms.ActiveCfg = Debug|x86
		{CABB1E9E-2ABB-4B0D-9F72-56DB2DECC121}.Ad-Hoc|x64.ActiveCfg = Release|x64
		{CABB1E9E-2ABB-4B0D-9F72-56DB2DECC121}.Ad-Hoc|x64.Build.0 = Release|x64
		{CABB1E9E-2ABB-4B0D-9F72-56DB2DECC121}.Ad-Hoc|x64.Deploy.0 = Release|x64
		{CABB1E9E-2ABB-4B0D-9F72-56DB2DECC121}.Ad-Hoc|x86.ActiveCfg = Release|x86
		{CABB1E9E-2ABB-4B0D-9F72-56DB2DECC121}.Ad-Hoc|x86.Build.0 = Release|x86
		{CABB1E9E-2ABB-4B0D-9F72-56DB2DECC121}.Ad-Hoc|x86.Deploy.0 = Release|x86
		{CABB1E9E-2ABB-4B0D-9F72-56DB2DECC121}.AppStore|Any CPU.ActiveCfg = Release|x86
		{CABB1E9E-2ABB-4B0D-9F72-56DB2DECC121}.AppStore|Any CPU.Build.0 = Release|x86
		{CABB1E9E-2ABB-4B0D-9F72-56DB2DECC121}.AppStore|Any CPU.Deploy.0 = Release|x86
		{CABB1E9E-2ABB-4B0D-9F72-56DB2DECC121}.AppStore|ARM.ActiveCfg = Release|ARM
		{CABB1E9E-2ABB-4B0D-9F72-56DB2DECC121}.AppStore|ARM.Build.0 = Release|ARM
		{CABB1E9E-2ABB-4B0D-9F72-56DB2DECC121}.AppStore|ARM.Deploy.0 = Release|ARM
		{CABB1E9E-2ABB-4B0D-9F72-56DB2DECC121}.AppStore|iPhone.ActiveCfg = Release|x86
		{CABB1E9E-2ABB-4B0D-9F72-56DB2DECC121}.AppStore|iPhone.Build.0 = Release|x86
		{CABB1E9E-2ABB-4B0D-9F72-56DB2DECC121}.AppStore|iPhone.Deploy.0 = Release|x86
		{CABB1E9E-2ABB-4B0D-9F72-56DB2DECC121}.AppStore|iPhoneSimulator.ActiveCfg = Release|x86
		{CABB1E9E-2ABB-4B0D-9F72-56DB2DECC121}.AppStore|iPhoneSimulator.Build.0 = Release|x86
		{CABB1E9E-2ABB-4B0D-9F72-56DB2DECC121}.AppStore|iPhoneSimulator.Deploy.0 = Release|x86
		{CABB1E9E-2ABB-4B0D-9F72-56DB2DECC121}.AppStore|Mixed Platforms.ActiveCfg = Debug|x86
		{CABB1E9E-2ABB-4B0D-9F72-56DB2DECC121}.AppStore|x64.ActiveCfg = Release|x64
		{CABB1E9E-2ABB-4B0D-9F72-56DB2DECC121}.AppStore|x64.Build.0 = Release|x64
		{CABB1E9E-2ABB-4B0D-9F72-56DB2DECC121}.AppStore|x64.Deploy.0 = Release|x64
		{CABB1E9E-2ABB-4B0D-9F72-56DB2DECC121}.AppStore|x86.ActiveCfg = Release|x86
		{CABB1E9E-2ABB-4B0D-9F72-56DB2DECC121}.AppStore|x86.Build.0 = Release|x86
		{CABB1E9E-2ABB-4B0D-9F72-56DB2DECC121}.AppStore|x86.Deploy.0 = Release|x86
		{CABB1E9E-2ABB-4B0D-9F72-56DB2DECC121}.Debug|Any CPU.ActiveCfg = Debug|x86
		{CABB1E9E-2ABB-4B0D-9F72-56DB2DECC121}.Debug|ARM.ActiveCfg = Debug|ARM
		{CABB1E9E-2ABB-4B0D-9F72-56DB2DECC121}.Debug|ARM.Build.0 = Debug|ARM
		{CABB1E9E-2ABB-4B0D-9F72-56DB2DECC121}.Debug|ARM.Deploy.0 = Debug|ARM
		{CABB1E9E-2ABB-4B0D-9F72-56DB2DECC121}.Debug|iPhone.ActiveCfg = Debug|x86
		{CABB1E9E-2ABB-4B0D-9F72-56DB2DECC121}.Debug|iPhoneSimulator.ActiveCfg = Debug|x86
		{CABB1E9E-2ABB-4B0D-9F72-56DB2DECC121}.Debug|Mixed Platforms.ActiveCfg = Debug|x86
		{CABB1E9E-2ABB-4B0D-9F72-56DB2DECC121}.Debug|x64.ActiveCfg = Debug|x64
		{CABB1E9E-2ABB-4B0D-9F72-56DB2DECC121}.Debug|x86.ActiveCfg = Debug|x86
		{CABB1E9E-2ABB-4B0D-9F72-56DB2DECC121}.Debug|x86.Build.0 = Debug|x86
		{CABB1E9E-2ABB-4B0D-9F72-56DB2DECC121}.Debug|x86.Deploy.0 = Debug|x86
		{CABB1E9E-2ABB-4B0D-9F72-56DB2DECC121}.Release|Any CPU.ActiveCfg = Release|x86
		{CABB1E9E-2ABB-4B0D-9F72-56DB2DECC121}.Release|ARM.ActiveCfg = Release|ARM
		{CABB1E9E-2ABB-4B0D-9F72-56DB2DECC121}.Release|ARM.Build.0 = Release|ARM
		{CABB1E9E-2ABB-4B0D-9F72-56DB2DECC121}.Release|ARM.Deploy.0 = Release|ARM
		{CABB1E9E-2ABB-4B0D-9F72-56DB2DECC121}.Release|iPhone.ActiveCfg = Release|x86
		{CABB1E9E-2ABB-4B0D-9F72-56DB2DECC121}.Release|iPhoneSimulator.ActiveCfg = Release|x86
		{CABB1E9E-2ABB-4B0D-9F72-56DB2DECC121}.Release|Mixed Platforms.ActiveCfg = Release|x86
		{CABB1E9E-2ABB-4B0D-9F72-56DB2DECC121}.Release|x64.ActiveCfg = Release|x64
		{CABB1E9E-2ABB-4B0D-9F72-56DB2DECC121}.Release|x64.Build.0 = Release|x64
		{CABB1E9E-2ABB-4B0D-9F72-56DB2DECC121}.Release|x64.Deploy.0 = Release|x64
		{CABB1E9E-2ABB-4B0D-9F72-56DB2DECC121}.Release|x86.ActiveCfg = Release|x86
		{CABB1E9E-2ABB-4B0D-9F72-56DB2DECC121}.Release|x86.Build.0 = Release|x86
		{CABB1E9E-2ABB-4B0D-9F72-56DB2DECC121}.Release|x86.Deploy.0 = Release|x86
		{813D43B1-9792-46E1-A32F-35BB9FB01F7D}.Ad-Hoc|Any CPU.ActiveCfg = Ad-Hoc|iPhoneSimulator
		{813D43B1-9792-46E1-A32F-35BB9FB01F7D}.Ad-Hoc|ARM.ActiveCfg = Ad-Hoc|iPhone
		{813D43B1-9792-46E1-A32F-35BB9FB01F7D}.Ad-Hoc|iPhone.ActiveCfg = Ad-Hoc|iPhone
		{813D43B1-9792-46E1-A32F-35BB9FB01F7D}.Ad-Hoc|iPhone.Build.0 = Ad-Hoc|iPhone
		{813D43B1-9792-46E1-A32F-35BB9FB01F7D}.Ad-Hoc|iPhoneSimulator.ActiveCfg = Ad-Hoc|iPhoneSimulator
		{813D43B1-9792-46E1-A32F-35BB9FB01F7D}.Ad-Hoc|iPhoneSimulator.Build.0 = Ad-Hoc|iPhoneSimulator
		{813D43B1-9792-46E1-A32F-35BB9FB01F7D}.Ad-Hoc|Mixed Platforms.ActiveCfg = Ad-Hoc|iPhone
		{813D43B1-9792-46E1-A32F-35BB9FB01F7D}.Ad-Hoc|x64.ActiveCfg = Ad-Hoc|iPhone
		{813D43B1-9792-46E1-A32F-35BB9FB01F7D}.Ad-Hoc|x86.ActiveCfg = Ad-Hoc|iPhone
		{813D43B1-9792-46E1-A32F-35BB9FB01F7D}.AppStore|Any CPU.ActiveCfg = AppStore|iPhoneSimulator
		{813D43B1-9792-46E1-A32F-35BB9FB01F7D}.AppStore|ARM.ActiveCfg = AppStore|iPhone
		{813D43B1-9792-46E1-A32F-35BB9FB01F7D}.AppStore|iPhone.ActiveCfg = AppStore|iPhone
		{813D43B1-9792-46E1-A32F-35BB9FB01F7D}.AppStore|iPhone.Build.0 = AppStore|iPhone
		{813D43B1-9792-46E1-A32F-35BB9FB01F7D}.AppStore|iPhoneSimulator.ActiveCfg = AppStore|iPhoneSimulator
		{813D43B1-9792-46E1-A32F-35BB9FB01F7D}.AppStore|iPhoneSimulator.Build.0 = AppStore|iPhoneSimulator
		{813D43B1-9792-46E1-A32F-35BB9FB01F7D}.AppStore|Mixed Platforms.ActiveCfg = AppStore|iPhone
		{813D43B1-9792-46E1-A32F-35BB9FB01F7D}.AppStore|x64.ActiveCfg = AppStore|iPhone
		{813D43B1-9792-46E1-A32F-35BB9FB01F7D}.AppStore|x86.ActiveCfg = AppStore|iPhone
		{813D43B1-9792-46E1-A32F-35BB9FB01F7D}.Debug|Any CPU.ActiveCfg = Debug|iPhoneSimulator
		{813D43B1-9792-46E1-A32F-35BB9FB01F7D}.Debug|ARM.ActiveCfg = Debug|iPhone
		{813D43B1-9792-46E1-A32F-35BB9FB01F7D}.Debug|iPhone.ActiveCfg = Debug|iPhone
		{813D43B1-9792-46E1-A32F-35BB9FB01F7D}.Debug|iPhone.Build.0 = Debug|iPhone
		{813D43B1-9792-46E1-A32F-35BB9FB01F7D}.Debug|iPhoneSimulator.ActiveCfg = Debug|iPhoneSimulator
		{813D43B1-9792-46E1-A32F-35BB9FB01F7D}.Debug|iPhoneSimulator.Build.0 = Debug|iPhoneSimulator
		{813D43B1-9792-46E1-A32F-35BB9FB01F7D}.Debug|Mixed Platforms.ActiveCfg = Debug|iPhone
		{813D43B1-9792-46E1-A32F-35BB9FB01F7D}.Debug|x64.ActiveCfg = Debug|iPhone
		{813D43B1-9792-46E1-A32F-35BB9FB01F7D}.Debug|x86.ActiveCfg = Debug|iPhone
		{813D43B1-9792-46E1-A32F-35BB9FB01F7D}.Release|Any CPU.ActiveCfg = Release|iPhoneSimulator
		{813D43B1-9792-46E1-A32F-35BB9FB01F7D}.Release|ARM.ActiveCfg = Release|iPhone
		{813D43B1-9792-46E1-A32F-35BB9FB01F7D}.Release|iPhone.ActiveCfg = Release|iPhone
		{813D43B1-9792-46E1-A32F-35BB9FB01F7D}.Release|iPhone.Build.0 = Release|iPhone
		{813D43B1-9792-46E1-A32F-35BB9FB01F7D}.Release|iPhoneSimulator.ActiveCfg = Release|iPhoneSimulator
		{813D43B1-9792-46E1-A32F-35BB9FB01F7D}.Release|iPhoneSimulator.Build.0 = Release|iPhoneSimulator
		{813D43B1-9792-46E1-A32F-35BB9FB01F7D}.Release|Mixed Platforms.ActiveCfg = Release|iPhone
		{813D43B1-9792-46E1-A32F-35BB9FB01F7D}.Release|x64.ActiveCfg = Release|iPhone
		{813D43B1-9792-46E1-A32F-35BB9FB01F7D}.Release|x86.ActiveCfg = Release|iPhone
		{124813EF-D23D-4B11-A6B4-9D32A4A2E4A4}.Ad-Hoc|Any CPU.ActiveCfg = Release|x64
		{124813EF-D23D-4B11-A6B4-9D32A4A2E4A4}.Ad-Hoc|Any CPU.Build.0 = Release|x64
		{124813EF-D23D-4B11-A6B4-9D32A4A2E4A4}.Ad-Hoc|Any CPU.Deploy.0 = Release|x64
		{124813EF-D23D-4B11-A6B4-9D32A4A2E4A4}.Ad-Hoc|ARM.ActiveCfg = Release|ARM
		{124813EF-D23D-4B11-A6B4-9D32A4A2E4A4}.Ad-Hoc|ARM.Build.0 = Release|ARM
		{124813EF-D23D-4B11-A6B4-9D32A4A2E4A4}.Ad-Hoc|ARM.Deploy.0 = Release|ARM
		{124813EF-D23D-4B11-A6B4-9D32A4A2E4A4}.Ad-Hoc|iPhone.ActiveCfg = Release|x64
		{124813EF-D23D-4B11-A6B4-9D32A4A2E4A4}.Ad-Hoc|iPhone.Build.0 = Release|x64
		{124813EF-D23D-4B11-A6B4-9D32A4A2E4A4}.Ad-Hoc|iPhone.Deploy.0 = Release|x64
		{124813EF-D23D-4B11-A6B4-9D32A4A2E4A4}.Ad-Hoc|iPhoneSimulator.ActiveCfg = Release|x64
		{124813EF-D23D-4B11-A6B4-9D32A4A2E4A4}.Ad-Hoc|iPhoneSimulator.Build.0 = Release|x64
		{124813EF-D23D-4B11-A6B4-9D32A4A2E4A4}.Ad-Hoc|iPhoneSimulator.Deploy.0 = Release|x64
		{124813EF-D23D-4B11-A6B4-9D32A4A2E4A4}.Ad-Hoc|Mixed Platforms.ActiveCfg = Release|x86
		{124813EF-D23D-4B11-A6B4-9D32A4A2E4A4}.Ad-Hoc|Mixed Platforms.Build.0 = Release|x86
		{124813EF-D23D-4B11-A6B4-9D32A4A2E4A4}.Ad-Hoc|Mixed Platforms.Deploy.0 = Release|x86
		{124813EF-D23D-4B11-A6B4-9D32A4A2E4A4}.Ad-Hoc|x64.ActiveCfg = Release|x64
		{124813EF-D23D-4B11-A6B4-9D32A4A2E4A4}.Ad-Hoc|x64.Build.0 = Release|x64
		{124813EF-D23D-4B11-A6B4-9D32A4A2E4A4}.Ad-Hoc|x64.Deploy.0 = Release|x64
		{124813EF-D23D-4B11-A6B4-9D32A4A2E4A4}.Ad-Hoc|x86.ActiveCfg = Release|x86
		{124813EF-D23D-4B11-A6B4-9D32A4A2E4A4}.Ad-Hoc|x86.Build.0 = Release|x86
		{124813EF-D23D-4B11-A6B4-9D32A4A2E4A4}.Ad-Hoc|x86.Deploy.0 = Release|x86
		{124813EF-D23D-4B11-A6B4-9D32A4A2E4A4}.AppStore|Any CPU.ActiveCfg = Release|x64
		{124813EF-D23D-4B11-A6B4-9D32A4A2E4A4}.AppStore|Any CPU.Build.0 = Release|x64
		{124813EF-D23D-4B11-A6B4-9D32A4A2E4A4}.AppStore|Any CPU.Deploy.0 = Release|x64
		{124813EF-D23D-4B11-A6B4-9D32A4A2E4A4}.AppStore|ARM.ActiveCfg = Release|ARM
		{124813EF-D23D-4B11-A6B4-9D32A4A2E4A4}.AppStore|ARM.Build.0 = Release|ARM
		{124813EF-D23D-4B11-A6B4-9D32A4A2E4A4}.AppStore|ARM.Deploy.0 = Release|ARM
		{124813EF-D23D-4B11-A6B4-9D32A4A2E4A4}.AppStore|iPhone.ActiveCfg = Release|x64
		{124813EF-D23D-4B11-A6B4-9D32A4A2E4A4}.AppStore|iPhone.Build.0 = Release|x64
		{124813EF-D23D-4B11-A6B4-9D32A4A2E4A4}.AppStore|iPhone.Deploy.0 = Release|x64
		{124813EF-D23D-4B11-A6B4-9D32A4A2E4A4}.AppStore|iPhoneSimulator.ActiveCfg = Release|x64
		{124813EF-D23D-4B11-A6B4-9D32A4A2E4A4}.AppStore|iPhoneSimulator.Build.0 = Release|x64
		{124813EF-D23D-4B11-A6B4-9D32A4A2E4A4}.AppStore|iPhoneSimulator.Deploy.0 = Release|x64
		{124813EF-D23D-4B11-A6B4-9D32A4A2E4A4}.AppStore|Mixed Platforms.ActiveCfg = Release|x86
		{124813EF-D23D-4B11-A6B4-9D32A4A2E4A4}.AppStore|Mixed Platforms.Build.0 = Release|x86
		{124813EF-D23D-4B11-A6B4-9D32A4A2E4A4}.AppStore|Mixed Platforms.Deploy.0 = Release|x86
		{124813EF-D23D-4B11-A6B4-9D32A4A2E4A4}.AppStore|x64.ActiveCfg = Release|x64
		{124813EF-D23D-4B11-A6B4-9D32A4A2E4A4}.AppStore|x64.Build.0 = Release|x64
		{124813EF-D23D-4B11-A6B4-9D32A4A2E4A4}.AppStore|x64.Deploy.0 = Release|x64
		{124813EF-D23D-4B11-A6B4-9D32A4A2E4A4}.AppStore|x86.ActiveCfg = Release|x86
		{124813EF-D23D-4B11-A6B4-9D32A4A2E4A4}.AppStore|x86.Build.0 = Release|x86
		{124813EF-D23D-4B11-A6B4-9D32A4A2E4A4}.AppStore|x86.Deploy.0 = Release|x86
		{124813EF-D23D-4B11-A6B4-9D32A4A2E4A4}.Debug|Any CPU.ActiveCfg = Debug|x86
		{124813EF-D23D-4B11-A6B4-9D32A4A2E4A4}.Debug|ARM.ActiveCfg = Debug|ARM
		{124813EF-D23D-4B11-A6B4-9D32A4A2E4A4}.Debug|ARM.Build.0 = Debug|ARM
		{124813EF-D23D-4B11-A6B4-9D32A4A2E4A4}.Debug|ARM.Deploy.0 = Debug|ARM
		{124813EF-D23D-4B11-A6B4-9D32A4A2E4A4}.Debug|iPhone.ActiveCfg = Debug|x86
		{124813EF-D23D-4B11-A6B4-9D32A4A2E4A4}.Debug|iPhoneSimulator.ActiveCfg = Debug|x86
		{124813EF-D23D-4B11-A6B4-9D32A4A2E4A4}.Debug|Mixed Platforms.ActiveCfg = Debug|x86
		{124813EF-D23D-4B11-A6B4-9D32A4A2E4A4}.Debug|Mixed Platforms.Build.0 = Debug|x86
		{124813EF-D23D-4B11-A6B4-9D32A4A2E4A4}.Debug|Mixed Platforms.Deploy.0 = Debug|x86
		{124813EF-D23D-4B11-A6B4-9D32A4A2E4A4}.Debug|x64.ActiveCfg = Debug|x64
		{124813EF-D23D-4B11-A6B4-9D32A4A2E4A4}.Debug|x64.Build.0 = Debug|x64
		{124813EF-D23D-4B11-A6B4-9D32A4A2E4A4}.Debug|x64.Deploy.0 = Debug|x64
		{124813EF-D23D-4B11-A6B4-9D32A4A2E4A4}.Debug|x86.ActiveCfg = Debug|x86
		{124813EF-D23D-4B11-A6B4-9D32A4A2E4A4}.Debug|x86.Build.0 = Debug|x86
		{124813EF-D23D-4B11-A6B4-9D32A4A2E4A4}.Debug|x86.Deploy.0 = Debug|x86
		{124813EF-D23D-4B11-A6B4-9D32A4A2E4A4}.Release|Any CPU.ActiveCfg = Release|x86
		{124813EF-D23D-4B11-A6B4-9D32A4A2E4A4}.Release|ARM.ActiveCfg = Release|ARM
		{124813EF-D23D-4B11-A6B4-9D32A4A2E4A4}.Release|ARM.Build.0 = Release|ARM
		{124813EF-D23D-4B11-A6B4-9D32A4A2E4A4}.Release|ARM.Deploy.0 = Release|ARM
		{124813EF-D23D-4B11-A6B4-9D32A4A2E4A4}.Release|iPhone.ActiveCfg = Release|x86
		{124813EF-D23D-4B11-A6B4-9D32A4A2E4A4}.Release|iPhoneSimulator.ActiveCfg = Release|x86
		{124813EF-D23D-4B11-A6B4-9D32A4A2E4A4}.Release|Mixed Platforms.ActiveCfg = Release|x86
		{124813EF-D23D-4B11-A6B4-9D32A4A2E4A4}.Release|Mixed Platforms.Build.0 = Release|x86
		{124813EF-D23D-4B11-A6B4-9D32A4A2E4A4}.Release|Mixed Platforms.Deploy.0 = Release|x86
		{124813EF-D23D-4B11-A6B4-9D32A4A2E4A4}.Release|x64.ActiveCfg = Release|x64
		{124813EF-D23D-4B11-A6B4-9D32A4A2E4A4}.Release|x64.Build.0 = Release|x64
		{124813EF-D23D-4B11-A6B4-9D32A4A2E4A4}.Release|x64.Deploy.0 = Release|x64
		{124813EF-D23D-4B11-A6B4-9D32A4A2E4A4}.Release|x86.ActiveCfg = Release|x86
		{124813EF-D23D-4B11-A6B4-9D32A4A2E4A4}.Release|x86.Build.0 = Release|x86
		{124813EF-D23D-4B11-A6B4-9D32A4A2E4A4}.Release|x86.Deploy.0 = Release|x86
	EndGlobalSection
	GlobalSection(SolutionProperties) = preSolution
		HideSolutionNode = FALSE
	EndGlobalSection
	GlobalSection(ExtensibilityGlobals) = postSolution
		SolutionGuid = {5A4EAAD7-E1EC-4603-8AF3-063EAAC0E78B}
	EndGlobalSection
	GlobalSection(Performance) = preSolution
		HasPerformanceSessions = true
	EndGlobalSection
EndGlobal
